PODS:
  - AFNetworking (2.2.4):
    - AFNetworking/NSURLConnection
    - AFNetworking/NSURLSession
    - AFNetworking/Reachability
    - AFNetworking/Security
    - AFNetworking/Serialization
    - AFNetworking/UIKit
  - AFNetworking/NSURLConnection (2.2.4):
    - AFNetworking/Reachability
    - AFNetworking/Security
    - AFNetworking/Serialization
  - AFNetworking/NSURLSession (2.2.4):
    - AFNetworking/NSURLConnection
  - AFNetworking/Reachability (2.2.4)
  - AFNetworking/Security (2.2.4)
  - AFNetworking/Serialization (2.2.4)
  - AFNetworking/UIKit (2.2.4):
    - AFNetworking/NSURLConnection
    - AFNetworking/NSURLSession
  - CrittercismSDK (4.3.3)
  - MBProgressHUD (0.8)
  - PubNub (3.6.2)
  - Reachability (3.1.1)
  - TPKeyboardAvoiding (1.2.3)

DEPENDENCIES:
  - AFNetworking (~> 2.2)
  - CrittercismSDK (~> 4.3)
  - MBProgressHUD (~> 0.8)
  - PubNub (~> 3.6)
  - Reachability (~> 3.1.1)
  - TPKeyboardAvoiding (~> 1.2)

SPEC CHECKSUMS:
  AFNetworking: ab63e259fe91eef4519b371ef0a4955af0e73e64
  CrittercismSDK: 9f19db3a1f0c16b35d8c29c69406852d184a7650
  MBProgressHUD: c356980b0cd097f19acec959b49dca5eb8ec31be
  PubNub: 8e392a5458383e394e0c6be7e11cb2c478422bf1
  Reachability: 8e9635e3cb4f98e7f825e51147f677ecc694d0e7
  TPKeyboardAvoiding: ca26afa683d829cb96fe69b887fc8be4178f0b9a

COCOAPODS: 0.32.1
