// !$*UTF8*$!
{
	archiveVersion = 1;
	classes = {
	};
	objectVersion = 46;
	objects = {

/* Begin PBXBuildFile section */
		2607A1E019346F8C000FBBDF /* CustomNavigationController.m in Sources */ = {isa = PBXBuildFile; fileRef = 2607A1D419346F8C000FBBDF /* CustomNavigationController.m */; };
		2607A1E219346F8C000FBBDF /* NSAttributedString+Attributes.m in Sources */ = {isa = PBXBuildFile; fileRef = 2607A1D919346F8C000FBBDF /* NSAttributedString+Attributes.m */; };
		2607A1E319346F8C000FBBDF /* OHParagraphStyle.m in Sources */ = {isa = PBXBuildFile; fileRef = 2607A1DB19346F8C000FBBDF /* OHParagraphStyle.m */; };
		2607A1E419346F8C000FBBDF /* TTTAttributedLabel.m in Sources */ = {isa = PBXBuildFile; fileRef = 2607A1DD19346F8C000FBBDF /* TTTAttributedLabel.m */; };
		2607A1E519346F8C000FBBDF /* AddImageViewController.m in Sources */ = {isa = PBXBuildFile; fileRef = 2607A1DF19346F8C000FBBDF /* AddImageViewController.m */; };
		261365A9193DF0FC00655A7B /* AWSS3.framework in Frameworks */ = {isa = PBXBuildFile; fileRef = 261365A8193DF0FC00655A7B /* AWSS3.framework */; };
		261365AF193DF42600655A7B /* AWSRuntime.framework in Frameworks */ = {isa = PBXBuildFile; fileRef = 261365AE193DF42600655A7B /* AWSRuntime.framework */; };
		261365B2193DFDB000655A7B /* UserInfo.m in Sources */ = {isa = PBXBuildFile; fileRef = 261365B1193DFDB000655A7B /* UserInfo.m */; };
		2615F1881935F1990079687C /* Default-568h@2x.png in Resources */ = {isa = PBXBuildFile; fileRef = 2615F1871935F1990079687C /* Default-568h@2x.png */; };
		2615F190193600D70079687C /* profile_forward_icon@2x.png in Resources */ = {isa = PBXBuildFile; fileRef = 2615F18E193600D70079687C /* profile_forward_icon@2x.png */; };
		2615F19419360C880079687C /* HYListChatViewController.m in Sources */ = {isa = PBXBuildFile; fileRef = 2615F19319360C870079687C /* HYListChatViewController.m */; };
		2615F19719360C9E0079687C /* HYCreateChatViewController.m in Sources */ = {isa = PBXBuildFile; fileRef = 2615F19619360C9E0079687C /* HYCreateChatViewController.m */; };
		2615F19F1936173F0079687C /* listChat_hashtag_icon@2x.png in Resources */ = {isa = PBXBuildFile; fileRef = 2615F19C1936173F0079687C /* listChat_hashtag_icon@2x.png */; };
		2615F1A01936173F0079687C /* listChat_search_container@2x.png in Resources */ = {isa = PBXBuildFile; fileRef = 2615F19D1936173F0079687C /* listChat_search_container@2x.png */; };
		2615F1A11936173F0079687C /* listChat_search_icon@2x.png in Resources */ = {isa = PBXBuildFile; fileRef = 2615F19E1936173F0079687C /* listChat_search_icon@2x.png */; };
		261BF5A51946EABA00426AF2 /* create_image@2x.png in Resources */ = {isa = PBXBuildFile; fileRef = 261BF5A41946EABA00426AF2 /* create_image@2x.png */; };
		261BF5A719477B9900426AF2 /* chat_room_grey_bubble@2x.png in Resources */ = {isa = PBXBuildFile; fileRef = 261BF5A619477B9900426AF2 /* chat_room_grey_bubble@2x.png */; };
		261BF5AA19477EB800426AF2 /* subscribers_container@2x.png in Resources */ = {isa = PBXBuildFile; fileRef = 261BF5A919477EB800426AF2 /* subscribers_container@2x.png */; };
		26597BD01948BBFD00918762 /* EGORefreshTableHeaderView.m in Sources */ = {isa = PBXBuildFile; fileRef = 26597BC61948BBFD00918762 /* EGORefreshTableHeaderView.m */; settings = {COMPILER_FLAGS = "-fno-objc-arc"; }; };
		26597BD11948BBFD00918762 /* blackArrow.png in Resources */ = {isa = PBXBuildFile; fileRef = 26597BC81948BBFD00918762 /* blackArrow.png */; };
		26597BD21948BBFD00918762 /* blackArrow@2x.png in Resources */ = {isa = PBXBuildFile; fileRef = 26597BC91948BBFD00918762 /* blackArrow@2x.png */; };
		26597BD31948BBFD00918762 /* blueArrow.png in Resources */ = {isa = PBXBuildFile; fileRef = 26597BCA1948BBFD00918762 /* blueArrow.png */; };
		26597BD41948BBFD00918762 /* blueArrow@2x.png in Resources */ = {isa = PBXBuildFile; fileRef = 26597BCB1948BBFD00918762 /* blueArrow@2x.png */; };
		26597BD51948BBFD00918762 /* grayArrow.png in Resources */ = {isa = PBXBuildFile; fileRef = 26597BCC1948BBFD00918762 /* grayArrow.png */; };
		26597BD61948BBFD00918762 /* grayArrow@2x.png in Resources */ = {isa = PBXBuildFile; fileRef = 26597BCD1948BBFD00918762 /* grayArrow@2x.png */; };
		26597BD71948BBFD00918762 /* whiteArrow.png in Resources */ = {isa = PBXBuildFile; fileRef = 26597BCE1948BBFD00918762 /* whiteArrow.png */; };
		26597BD81948BBFD00918762 /* whiteArrow@2x.png in Resources */ = {isa = PBXBuildFile; fileRef = 26597BCF1948BBFD00918762 /* whiteArrow@2x.png */; };
		26597BDA1948C79F00918762 /* profile_green_dot@2x.png in Resources */ = {isa = PBXBuildFile; fileRef = 26597BD91948C79F00918762 /* profile_green_dot@2x.png */; };
		26597BDC1948C91D00918762 /* list_screen_green_dot@2x.png in Resources */ = {isa = PBXBuildFile; fileRef = 26597BDB1948C91D00918762 /* list_screen_green_dot@2x.png */; };
		26674EBF19384BD700A032B3 /* AppIcon29x29.png in Resources */ = {isa = PBXBuildFile; fileRef = 26674EAF19384BD700A032B3 /* AppIcon29x29.png */; };
		26674EC019384BD700A032B3 /* AppIcon29x29@2x.png in Resources */ = {isa = PBXBuildFile; fileRef = 26674EB019384BD700A032B3 /* AppIcon29x29@2x.png */; };
		26674EC119384BD700A032B3 /* AppIcon40x40.png in Resources */ = {isa = PBXBuildFile; fileRef = 26674EB119384BD700A032B3 /* AppIcon40x40.png */; };
		26674EC219384BD700A032B3 /* AppIcon40x40@2x.png in Resources */ = {isa = PBXBuildFile; fileRef = 26674EB219384BD700A032B3 /* AppIcon40x40@2x.png */; };
		26674EC319384BD700A032B3 /* AppIcon50x50.png in Resources */ = {isa = PBXBuildFile; fileRef = 26674EB319384BD700A032B3 /* AppIcon50x50.png */; };
		26674EC419384BD700A032B3 /* AppIcon50x50@2x.png in Resources */ = {isa = PBXBuildFile; fileRef = 26674EB419384BD700A032B3 /* AppIcon50x50@2x.png */; };
		26674EC519384BD700A032B3 /* AppIcon57x57.png in Resources */ = {isa = PBXBuildFile; fileRef = 26674EB519384BD700A032B3 /* AppIcon57x57.png */; };
		26674EC619384BD700A032B3 /* AppIcon57x57@2x.png in Resources */ = {isa = PBXBuildFile; fileRef = 26674EB619384BD700A032B3 /* AppIcon57x57@2x.png */; };
		26674EC719384BD700A032B3 /* AppIcon60x60.png in Resources */ = {isa = PBXBuildFile; fileRef = 26674EB719384BD700A032B3 /* AppIcon60x60.png */; };
		26674EC819384BD700A032B3 /* AppIcon60x60@2x.png in Resources */ = {isa = PBXBuildFile; fileRef = 26674EB819384BD700A032B3 /* AppIcon60x60@2x.png */; };
		26674EC919384BD700A032B3 /* AppIcon72x72.png in Resources */ = {isa = PBXBuildFile; fileRef = 26674EB919384BD700A032B3 /* AppIcon72x72.png */; };
		26674ECA19384BD700A032B3 /* AppIcon72x72@2x.png in Resources */ = {isa = PBXBuildFile; fileRef = 26674EBA19384BD700A032B3 /* AppIcon72x72@2x.png */; };
		26674ECB19384BD700A032B3 /* AppIcon76x76.png in Resources */ = {isa = PBXBuildFile; fileRef = 26674EBB19384BD700A032B3 /* AppIcon76x76.png */; };
		26674ECC19384BD700A032B3 /* AppIcon76x76@2x.png in Resources */ = {isa = PBXBuildFile; fileRef = 26674EBC19384BD700A032B3 /* AppIcon76x76@2x.png */; };
		26674ECD19384BD700A032B3 /* iTunesArtwork.png in Resources */ = {isa = PBXBuildFile; fileRef = 26674EBD19384BD700A032B3 /* iTunesArtwork.png */; };
		26674ECE19384BD700A032B3 /* iTunesArtwork@2x.png in Resources */ = {isa = PBXBuildFile; fileRef = 26674EBE19384BD700A032B3 /* iTunesArtwork@2x.png */; };
		26674ED119384D1E00A032B3 /* HYSubscribersListViewController.m in Sources */ = {isa = PBXBuildFile; fileRef = 26674ED019384D1E00A032B3 /* HYSubscribersListViewController.m */; };
		2669DB651949F247003D4AD4 /* DAKeyboardControl.m in Sources */ = {isa = PBXBuildFile; fileRef = 2669DB641949F247003D4AD4 /* DAKeyboardControl.m */; };
		266C3826194188B200CD4F19 /* chat_room_blue_bubble@2x.png in Resources */ = {isa = PBXBuildFile; fileRef = 266C3824194188B200CD4F19 /* chat_room_blue_bubble@2x.png */; };
		266C382D19419BED00CD4F19 /* UILabel+VerticalAlignment.m in Sources */ = {isa = PBXBuildFile; fileRef = 266C382B19419BED00CD4F19 /* UILabel+VerticalAlignment.m */; };
		269347C31936FF150048CCA2 /* HYSignInViewController.m in Sources */ = {isa = PBXBuildFile; fileRef = 269347C21936FF150048CCA2 /* HYSignInViewController.m */; };
		269347C61937067B0048CCA2 /* Utility.m in Sources */ = {isa = PBXBuildFile; fileRef = 269347C51937067B0048CCA2 /* Utility.m */; };
		269347E519374CFF0048CCA2 /* GKCropBorderView.m in Sources */ = {isa = PBXBuildFile; fileRef = 269347CA19374CFF0048CCA2 /* GKCropBorderView.m */; };
		269347E619374CFF0048CCA2 /* GKImageCropOverlayView.m in Sources */ = {isa = PBXBuildFile; fileRef = 269347CC19374CFF0048CCA2 /* GKImageCropOverlayView.m */; };
		269347E719374CFF0048CCA2 /* GKImageCropView.m in Sources */ = {isa = PBXBuildFile; fileRef = 269347CE19374CFF0048CCA2 /* GKImageCropView.m */; };
		269347E819374CFF0048CCA2 /* GKImageCropViewController.m in Sources */ = {isa = PBXBuildFile; fileRef = 269347D019374CFF0048CCA2 /* GKImageCropViewController.m */; };
		269347E919374CFF0048CCA2 /* GKImagePicker.m in Sources */ = {isa = PBXBuildFile; fileRef = 269347D219374CFF0048CCA2 /* GKImagePicker.m */; };
		269347EA19374CFF0048CCA2 /* GKResizeableCropOverlayView.m in Sources */ = {isa = PBXBuildFile; fileRef = 269347D419374CFF0048CCA2 /* GKResizeableCropOverlayView.m */; };
		2694CB27193F387000283DFA /* HYChatRoomDetailsViewController.m in Sources */ = {isa = PBXBuildFile; fileRef = 2694CB26193F387000283DFA /* HYChatRoomDetailsViewController.m */; };
		2694CB2A193F391700283DFA /* ChatCustomCell.m in Sources */ = {isa = PBXBuildFile; fileRef = 2694CB29193F391700283DFA /* ChatCustomCell.m */; };
		2694CB37193F3E7F00283DFA /* chat_room_back_icon@2x.png in Resources */ = {isa = PBXBuildFile; fileRef = 2694CB2C193F3E7F00283DFA /* chat_room_back_icon@2x.png */; };
		2694CB38193F3E7F00283DFA /* chat_room_other_bottom_left@2x.png in Resources */ = {isa = PBXBuildFile; fileRef = 2694CB2D193F3E7F00283DFA /* chat_room_other_bottom_left@2x.png */; };
		2694CB39193F3E7F00283DFA /* chat_room_other_bottom_right@2x.png in Resources */ = {isa = PBXBuildFile; fileRef = 2694CB2E193F3E7F00283DFA /* chat_room_other_bottom_right@2x.png */; };
		2694CB3A193F3E7F00283DFA /* chat_room_other_top_left@2x.png in Resources */ = {isa = PBXBuildFile; fileRef = 2694CB2F193F3E7F00283DFA /* chat_room_other_top_left@2x.png */; };
		2694CB3B193F3E7F00283DFA /* chat_room_other_top_right@2x.png in Resources */ = {isa = PBXBuildFile; fileRef = 2694CB30193F3E7F00283DFA /* chat_room_other_top_right@2x.png */; };
		2694CB3C193F3E7F00283DFA /* chat_room_paper_clip _icon.png in Resources */ = {isa = PBXBuildFile; fileRef = 2694CB31193F3E7F00283DFA /* chat_room_paper_clip _icon.png */; };
		2694CB3D193F3E7F00283DFA /* chat_room_text_conatiner@2x.png in Resources */ = {isa = PBXBuildFile; fileRef = 2694CB32193F3E7F00283DFA /* chat_room_text_conatiner@2x.png */; };
		2694CB3E193F3E7F00283DFA /* chat_room_user_bottom_left@2x.png in Resources */ = {isa = PBXBuildFile; fileRef = 2694CB33193F3E7F00283DFA /* chat_room_user_bottom_left@2x.png */; };
		2694CB3F193F3E7F00283DFA /* chat_room_user_bottom_right@2x.png in Resources */ = {isa = PBXBuildFile; fileRef = 2694CB34193F3E7F00283DFA /* chat_room_user_bottom_right@2x.png */; };
		2694CB40193F3E7F00283DFA /* chat_room_user_top_left@2x.png in Resources */ = {isa = PBXBuildFile; fileRef = 2694CB35193F3E7F00283DFA /* chat_room_user_top_left@2x.png */; };
		2694CB41193F3E7F00283DFA /* chat_room_user_top_right@2x.png in Resources */ = {isa = PBXBuildFile; fileRef = 2694CB36193F3E7F00283DFA /* chat_room_user_top_right@2x.png */; };
		269E2D9C194B5584004C0C0C /* ChatCustomPageTableView.m in Sources */ = {isa = PBXBuildFile; fileRef = 269E2D9B194B5584004C0C0C /* ChatCustomPageTableView.m */; };
		26ACF014193488F300C4BE9E /* HYSignUpViewController.m in Sources */ = {isa = PBXBuildFile; fileRef = 26ACF013193488F300C4BE9E /* HYSignUpViewController.m */; };
		26ACF0201934BE3F00C4BE9E /* NetworkEngine.m in Sources */ = {isa = PBXBuildFile; fileRef = 26ACF01D1934BE3F00C4BE9E /* NetworkEngine.m */; };
		26ACF0211934BE3F00C4BE9E /* UpdateDataProcessor.m in Sources */ = {isa = PBXBuildFile; fileRef = 26ACF01F1934BE3F00C4BE9E /* UpdateDataProcessor.m */; };
		26ACF0241934C37800C4BE9E /* HYProfileViewController.m in Sources */ = {isa = PBXBuildFile; fileRef = 26ACF0231934C37800C4BE9E /* HYProfileViewController.m */; };
		26ACF0271934C45700C4BE9E /* PageTableView.m in Sources */ = {isa = PBXBuildFile; fileRef = 26ACF0261934C45700C4BE9E /* PageTableView.m */; };
		26ACF02B1934C4CE00C4BE9E /* ProfileCustomCell.m in Sources */ = {isa = PBXBuildFile; fileRef = 26ACF02A1934C4CE00C4BE9E /* ProfileCustomCell.m */; };
		26ACF0311934CB9F00C4BE9E /* profile_back_button@2x.png in Resources */ = {isa = PBXBuildFile; fileRef = 26ACF02E1934CB9F00C4BE9E /* profile_back_button@2x.png */; };
		26ACF0321934CB9F00C4BE9E /* profile_settings_button@2x.png in Resources */ = {isa = PBXBuildFile; fileRef = 26ACF02F1934CB9F00C4BE9E /* profile_settings_button@2x.png */; };
		26EB89C6193C9475005258AB /* Hashy.xcdatamodeld in Sources */ = {isa = PBXBuildFile; fileRef = 26EB89C4193C9475005258AB /* Hashy.xcdatamodeld */; };
		26F2414319405AFB0055AA89 /* SystemConfiguration.framework in Frameworks */ = {isa = PBXBuildFile; fileRef = 26F2414219405AFB0055AA89 /* SystemConfiguration.framework */; };
		26F2414519405B010055AA89 /* CFNetwork.framework in Frameworks */ = {isa = PBXBuildFile; fileRef = 26F2414419405B010055AA89 /* CFNetwork.framework */; };
		26F2414719405B0B0055AA89 /* libz.dylib in Frameworks */ = {isa = PBXBuildFile; fileRef = 26F2414619405B0B0055AA89 /* libz.dylib */; };
		26F241491940AE370055AA89 /* profile_image_container@2x.png in Resources */ = {isa = PBXBuildFile; fileRef = 26F241481940AE370055AA89 /* profile_image_container@2x.png */; };
		26F2414B1940B0C90055AA89 /* add_image_mask_container@2x.png.png in Resources */ = {isa = PBXBuildFile; fileRef = 26F2414A1940B0C90055AA89 /* add_image_mask_container@2x.png.png */; };
		26F870E119386BC8001A6413 /* SubscribersCustomCell.m in Sources */ = {isa = PBXBuildFile; fileRef = 26F870E019386BC8001A6413 /* SubscribersCustomCell.m */; };
		2BA6D17E237F448382EBEC5C /* libPods.a in Frameworks */ = {isa = PBXBuildFile; fileRef = 7C1C2195DC8E4CFBBE584936 /* libPods.a */; };
		A380DF7B1934695100759039 /* Foundation.framework in Frameworks */ = {isa = PBXBuildFile; fileRef = A380DF7A1934695100759039 /* Foundation.framework */; };
		A380DF7D1934695100759039 /* CoreGraphics.framework in Frameworks */ = {isa = PBXBuildFile; fileRef = A380DF7C1934695100759039 /* CoreGraphics.framework */; };
		A380DF7F1934695100759039 /* UIKit.framework in Frameworks */ = {isa = PBXBuildFile; fileRef = A380DF7E1934695100759039 /* UIKit.framework */; };
		A380DF851934695100759039 /* InfoPlist.strings in Resources */ = {isa = PBXBuildFile; fileRef = A380DF831934695100759039 /* InfoPlist.strings */; };
		A380DF871934695100759039 /* main.m in Sources */ = {isa = PBXBuildFile; fileRef = A380DF861934695100759039 /* main.m */; };
		A380DF8B1934695100759039 /* HYAppDelegate.m in Sources */ = {isa = PBXBuildFile; fileRef = A380DF8A1934695100759039 /* HYAppDelegate.m */; };
		A380DF8E1934695100759039 /* Main.storyboard in Resources */ = {isa = PBXBuildFile; fileRef = A380DF8C1934695100759039 /* Main.storyboard */; };
		A380DF911934695100759039 /* HYViewController.m in Sources */ = {isa = PBXBuildFile; fileRef = A380DF901934695100759039 /* HYViewController.m */; };
		A380DF931934695100759039 /* Images.xcassets in Resources */ = {isa = PBXBuildFile; fileRef = A380DF921934695100759039 /* Images.xcassets */; };
		A380DF9A1934695100759039 /* XCTest.framework in Frameworks */ = {isa = PBXBuildFile; fileRef = A380DF991934695100759039 /* XCTest.framework */; };
		A380DF9B1934695100759039 /* Foundation.framework in Frameworks */ = {isa = PBXBuildFile; fileRef = A380DF7A1934695100759039 /* Foundation.framework */; };
		A380DF9C1934695100759039 /* UIKit.framework in Frameworks */ = {isa = PBXBuildFile; fileRef = A380DF7E1934695100759039 /* UIKit.framework */; };
		A380DFA41934695100759039 /* InfoPlist.strings in Resources */ = {isa = PBXBuildFile; fileRef = A380DFA21934695100759039 /* InfoPlist.strings */; };
		A380DFA61934695100759039 /* HashyTests.m in Sources */ = {isa = PBXBuildFile; fileRef = A380DFA51934695100759039 /* HashyTests.m */; };
		BB0E6DA219470F5500E5185F /* RECommonFunctions.m in Sources */ = {isa = PBXBuildFile; fileRef = BB0E6D9719470F5500E5185F /* RECommonFunctions.m */; };
		BB0E6DA319470F5500E5185F /* REFrostedContainerViewController.m in Sources */ = {isa = PBXBuildFile; fileRef = BB0E6D9919470F5500E5185F /* REFrostedContainerViewController.m */; };
		BB0E6DA419470F5500E5185F /* REFrostedViewController.m in Sources */ = {isa = PBXBuildFile; fileRef = BB0E6D9B19470F5500E5185F /* REFrostedViewController.m */; };
		BB0E6DA519470F5500E5185F /* UIImage+REFrostedViewController.m in Sources */ = {isa = PBXBuildFile; fileRef = BB0E6D9D19470F5500E5185F /* UIImage+REFrostedViewController.m */; };
		BB0E6DA619470F5500E5185F /* UIView+REFrostedViewController.m in Sources */ = {isa = PBXBuildFile; fileRef = BB0E6D9F19470F5500E5185F /* UIView+REFrostedViewController.m */; };
		BB0E6DA719470F5500E5185F /* UIViewController+REFrostedViewController.m in Sources */ = {isa = PBXBuildFile; fileRef = BB0E6DA119470F5500E5185F /* UIViewController+REFrostedViewController.m */; };
		BB0E6DB019470F5D00E5185F /* DEMOHomeViewController.m in Sources */ = {isa = PBXBuildFile; fileRef = BB0E6DA919470F5D00E5185F /* DEMOHomeViewController.m */; };
		BB0E6DB119470F5D00E5185F /* DEMOMenuViewController.m in Sources */ = {isa = PBXBuildFile; fileRef = BB0E6DAB19470F5D00E5185F /* DEMOMenuViewController.m */; };
		BB0E6DB319470F5D00E5185F /* DEMOSecondViewController.m in Sources */ = {isa = PBXBuildFile; fileRef = BB0E6DAF19470F5D00E5185F /* DEMOSecondViewController.m */; };
		BB0E6DB519470F6B00E5185F /* avatar@2x.jpg in Resources */ = {isa = PBXBuildFile; fileRef = BB0E6DB419470F6B00E5185F /* avatar@2x.jpg */; };
		BB0E6DB719470F8200E5185F /* Balloon@2x.png in Resources */ = {isa = PBXBuildFile; fileRef = BB0E6DB619470F8200E5185F /* Balloon@2x.png */; };
		BB0E6DBA19470F9F00E5185F /* QuartzCore.framework in Frameworks */ = {isa = PBXBuildFile; fileRef = BB0E6DB819470F9F00E5185F /* QuartzCore.framework */; };
		BB0E6DBB19470F9F00E5185F /* Accelerate.framework in Frameworks */ = {isa = PBXBuildFile; fileRef = BB0E6DB919470F9F00E5185F /* Accelerate.framework */; };
		BB2030D819488D8500B30BEB /* Hamburget_menu_ico@2x.png in Resources */ = {isa = PBXBuildFile; fileRef = BB2030D719488D8500B30BEB /* Hamburget_menu_ico@2x.png */; };
/* End PBXBuildFile section */

/* Begin PBXContainerItemProxy section */
		A380DF9D1934695100759039 /* PBXContainerItemProxy */ = {
			isa = PBXContainerItemProxy;
			containerPortal = A380DF6F1934695100759039 /* Project object */;
			proxyType = 1;
			remoteGlobalIDString = A380DF761934695100759039;
			remoteInfo = Hashy;
		};
/* End PBXContainerItemProxy section */

/* Begin PBXFileReference section */
		2607A1D319346F8C000FBBDF /* CustomNavigationController.h */ = {isa = PBXFileReference; fileEncoding = 4; lastKnownFileType = sourcecode.c.h; path = CustomNavigationController.h; sourceTree = "<group>"; };
		2607A1D419346F8C000FBBDF /* CustomNavigationController.m */ = {isa = PBXFileReference; fileEncoding = 4; lastKnownFileType = sourcecode.c.objc; path = CustomNavigationController.m; sourceTree = "<group>"; };
		2607A1D819346F8C000FBBDF /* NSAttributedString+Attributes.h */ = {isa = PBXFileReference; fileEncoding = 4; lastKnownFileType = sourcecode.c.h; path = "NSAttributedString+Attributes.h"; sourceTree = "<group>"; };
		2607A1D919346F8C000FBBDF /* NSAttributedString+Attributes.m */ = {isa = PBXFileReference; fileEncoding = 4; lastKnownFileType = sourcecode.c.objc; path = "NSAttributedString+Attributes.m"; sourceTree = "<group>"; };
		2607A1DA19346F8C000FBBDF /* OHParagraphStyle.h */ = {isa = PBXFileReference; fileEncoding = 4; lastKnownFileType = sourcecode.c.h; path = OHParagraphStyle.h; sourceTree = "<group>"; };
		2607A1DB19346F8C000FBBDF /* OHParagraphStyle.m */ = {isa = PBXFileReference; fileEncoding = 4; lastKnownFileType = sourcecode.c.objc; path = OHParagraphStyle.m; sourceTree = "<group>"; };
		2607A1DC19346F8C000FBBDF /* TTTAttributedLabel.h */ = {isa = PBXFileReference; fileEncoding = 4; lastKnownFileType = sourcecode.c.h; path = TTTAttributedLabel.h; sourceTree = "<group>"; };
		2607A1DD19346F8C000FBBDF /* TTTAttributedLabel.m */ = {isa = PBXFileReference; fileEncoding = 4; lastKnownFileType = sourcecode.c.objc; path = TTTAttributedLabel.m; sourceTree = "<group>"; };
		2607A1DE19346F8C000FBBDF /* AddImageViewController.h */ = {isa = PBXFileReference; fileEncoding = 4; lastKnownFileType = sourcecode.c.h; path = AddImageViewController.h; sourceTree = "<group>"; };
		2607A1DF19346F8C000FBBDF /* AddImageViewController.m */ = {isa = PBXFileReference; fileEncoding = 4; lastKnownFileType = sourcecode.c.objc; path = AddImageViewController.m; sourceTree = "<group>"; };
		261365A8193DF0FC00655A7B /* AWSS3.framework */ = {isa = PBXFileReference; lastKnownFileType = wrapper.framework; name = AWSS3.framework; path = Hashy/AWSS3.framework; sourceTree = "<group>"; };
		261365AE193DF42600655A7B /* AWSRuntime.framework */ = {isa = PBXFileReference; lastKnownFileType = wrapper.framework; name = AWSRuntime.framework; path = Hashy/AWSRuntime.framework; sourceTree = "<group>"; };
		261365B0193DFDB000655A7B /* UserInfo.h */ = {isa = PBXFileReference; fileEncoding = 4; lastKnownFileType = sourcecode.c.h; path = UserInfo.h; sourceTree = "<group>"; };
		261365B1193DFDB000655A7B /* UserInfo.m */ = {isa = PBXFileReference; fileEncoding = 4; lastKnownFileType = sourcecode.c.objc; path = UserInfo.m; sourceTree = "<group>"; };
		2615F1871935F1990079687C /* Default-568h@2x.png */ = {isa = PBXFileReference; lastKnownFileType = image.png; path = "Default-568h@2x.png"; sourceTree = "<group>"; };
		2615F18E193600D70079687C /* profile_forward_icon@2x.png */ = {isa = PBXFileReference; lastKnownFileType = image.png; path = "profile_forward_icon@2x.png"; sourceTree = "<group>"; };
		2615F19219360C870079687C /* HYListChatViewController.h */ = {isa = PBXFileReference; fileEncoding = 4; lastKnownFileType = sourcecode.c.h; path = HYListChatViewController.h; sourceTree = "<group>"; };
		2615F19319360C870079687C /* HYListChatViewController.m */ = {isa = PBXFileReference; fileEncoding = 4; lastKnownFileType = sourcecode.c.objc; path = HYListChatViewController.m; sourceTree = "<group>"; };
		2615F19519360C9E0079687C /* HYCreateChatViewController.h */ = {isa = PBXFileReference; fileEncoding = 4; lastKnownFileType = sourcecode.c.h; path = HYCreateChatViewController.h; sourceTree = "<group>"; };
		2615F19619360C9E0079687C /* HYCreateChatViewController.m */ = {isa = PBXFileReference; fileEncoding = 4; lastKnownFileType = sourcecode.c.objc; path = HYCreateChatViewController.m; sourceTree = "<group>"; };
		2615F19C1936173F0079687C /* listChat_hashtag_icon@2x.png */ = {isa = PBXFileReference; lastKnownFileType = image.png; path = "listChat_hashtag_icon@2x.png"; sourceTree = "<group>"; };
		2615F19D1936173F0079687C /* listChat_search_container@2x.png */ = {isa = PBXFileReference; lastKnownFileType = image.png; path = "listChat_search_container@2x.png"; sourceTree = "<group>"; };
		2615F19E1936173F0079687C /* listChat_search_icon@2x.png */ = {isa = PBXFileReference; lastKnownFileType = image.png; path = "listChat_search_icon@2x.png"; sourceTree = "<group>"; };
		261BF5A41946EABA00426AF2 /* create_image@2x.png */ = {isa = PBXFileReference; lastKnownFileType = image.png; path = "create_image@2x.png"; sourceTree = "<group>"; };
		261BF5A619477B9900426AF2 /* chat_room_grey_bubble@2x.png */ = {isa = PBXFileReference; lastKnownFileType = image.png; path = "chat_room_grey_bubble@2x.png"; sourceTree = "<group>"; };
		261BF5A919477EB800426AF2 /* subscribers_container@2x.png */ = {isa = PBXFileReference; lastKnownFileType = image.png; path = "subscribers_container@2x.png"; sourceTree = "<group>"; };
		26597BC51948BBFD00918762 /* EGORefreshTableHeaderView.h */ = {isa = PBXFileReference; fileEncoding = 4; lastKnownFileType = sourcecode.c.h; path = EGORefreshTableHeaderView.h; sourceTree = "<group>"; };
		26597BC61948BBFD00918762 /* EGORefreshTableHeaderView.m */ = {isa = PBXFileReference; fileEncoding = 4; lastKnownFileType = sourcecode.c.objc; path = EGORefreshTableHeaderView.m; sourceTree = "<group>"; };
		26597BC81948BBFD00918762 /* blackArrow.png */ = {isa = PBXFileReference; lastKnownFileType = image.png; path = blackArrow.png; sourceTree = "<group>"; };
		26597BC91948BBFD00918762 /* blackArrow@2x.png */ = {isa = PBXFileReference; lastKnownFileType = image.png; path = "blackArrow@2x.png"; sourceTree = "<group>"; };
		26597BCA1948BBFD00918762 /* blueArrow.png */ = {isa = PBXFileReference; lastKnownFileType = image.png; path = blueArrow.png; sourceTree = "<group>"; };
		26597BCB1948BBFD00918762 /* blueArrow@2x.png */ = {isa = PBXFileReference; lastKnownFileType = image.png; path = "blueArrow@2x.png"; sourceTree = "<group>"; };
		26597BCC1948BBFD00918762 /* grayArrow.png */ = {isa = PBXFileReference; lastKnownFileType = image.png; path = grayArrow.png; sourceTree = "<group>"; };
		26597BCD1948BBFD00918762 /* grayArrow@2x.png */ = {isa = PBXFileReference; lastKnownFileType = image.png; path = "grayArrow@2x.png"; sourceTree = "<group>"; };
		26597BCE1948BBFD00918762 /* whiteArrow.png */ = {isa = PBXFileReference; lastKnownFileType = image.png; path = whiteArrow.png; sourceTree = "<group>"; };
		26597BCF1948BBFD00918762 /* whiteArrow@2x.png */ = {isa = PBXFileReference; lastKnownFileType = image.png; path = "whiteArrow@2x.png"; sourceTree = "<group>"; };
		26597BD91948C79F00918762 /* profile_green_dot@2x.png */ = {isa = PBXFileReference; lastKnownFileType = image.png; path = "profile_green_dot@2x.png"; sourceTree = "<group>"; };
		26597BDB1948C91D00918762 /* list_screen_green_dot@2x.png */ = {isa = PBXFileReference; lastKnownFileType = image.png; path = "list_screen_green_dot@2x.png"; sourceTree = "<group>"; };
		26674EAF19384BD700A032B3 /* AppIcon29x29.png */ = {isa = PBXFileReference; lastKnownFileType = image.png; path = AppIcon29x29.png; sourceTree = "<group>"; };
		26674EB019384BD700A032B3 /* AppIcon29x29@2x.png */ = {isa = PBXFileReference; lastKnownFileType = image.png; path = "AppIcon29x29@2x.png"; sourceTree = "<group>"; };
		26674EB119384BD700A032B3 /* AppIcon40x40.png */ = {isa = PBXFileReference; lastKnownFileType = image.png; path = AppIcon40x40.png; sourceTree = "<group>"; };
		26674EB219384BD700A032B3 /* AppIcon40x40@2x.png */ = {isa = PBXFileReference; lastKnownFileType = image.png; path = "AppIcon40x40@2x.png"; sourceTree = "<group>"; };
		26674EB319384BD700A032B3 /* AppIcon50x50.png */ = {isa = PBXFileReference; lastKnownFileType = image.png; path = AppIcon50x50.png; sourceTree = "<group>"; };
		26674EB419384BD700A032B3 /* AppIcon50x50@2x.png */ = {isa = PBXFileReference; lastKnownFileType = image.png; path = "AppIcon50x50@2x.png"; sourceTree = "<group>"; };
		26674EB519384BD700A032B3 /* AppIcon57x57.png */ = {isa = PBXFileReference; lastKnownFileType = image.png; path = AppIcon57x57.png; sourceTree = "<group>"; };
		26674EB619384BD700A032B3 /* AppIcon57x57@2x.png */ = {isa = PBXFileReference; lastKnownFileType = image.png; path = "AppIcon57x57@2x.png"; sourceTree = "<group>"; };
		26674EB719384BD700A032B3 /* AppIcon60x60.png */ = {isa = PBXFileReference; lastKnownFileType = image.png; path = AppIcon60x60.png; sourceTree = "<group>"; };
		26674EB819384BD700A032B3 /* AppIcon60x60@2x.png */ = {isa = PBXFileReference; lastKnownFileType = image.png; path = "AppIcon60x60@2x.png"; sourceTree = "<group>"; };
		26674EB919384BD700A032B3 /* AppIcon72x72.png */ = {isa = PBXFileReference; lastKnownFileType = image.png; path = AppIcon72x72.png; sourceTree = "<group>"; };
		26674EBA19384BD700A032B3 /* AppIcon72x72@2x.png */ = {isa = PBXFileReference; lastKnownFileType = image.png; path = "AppIcon72x72@2x.png"; sourceTree = "<group>"; };
		26674EBB19384BD700A032B3 /* AppIcon76x76.png */ = {isa = PBXFileReference; lastKnownFileType = image.png; path = AppIcon76x76.png; sourceTree = "<group>"; };
		26674EBC19384BD700A032B3 /* AppIcon76x76@2x.png */ = {isa = PBXFileReference; lastKnownFileType = image.png; path = "AppIcon76x76@2x.png"; sourceTree = "<group>"; };
		26674EBD19384BD700A032B3 /* iTunesArtwork.png */ = {isa = PBXFileReference; lastKnownFileType = image.png; path = iTunesArtwork.png; sourceTree = "<group>"; };
		26674EBE19384BD700A032B3 /* iTunesArtwork@2x.png */ = {isa = PBXFileReference; lastKnownFileType = image.png; path = "iTunesArtwork@2x.png"; sourceTree = "<group>"; };
		26674ECF19384D1E00A032B3 /* HYSubscribersListViewController.h */ = {isa = PBXFileReference; fileEncoding = 4; lastKnownFileType = sourcecode.c.h; path = HYSubscribersListViewController.h; sourceTree = "<group>"; };
		26674ED019384D1E00A032B3 /* HYSubscribersListViewController.m */ = {isa = PBXFileReference; fileEncoding = 4; lastKnownFileType = sourcecode.c.objc; path = HYSubscribersListViewController.m; sourceTree = "<group>"; };
		2669DB631949F246003D4AD4 /* DAKeyboardControl.h */ = {isa = PBXFileReference; fileEncoding = 4; lastKnownFileType = sourcecode.c.h; path = DAKeyboardControl.h; sourceTree = "<group>"; };
		2669DB641949F247003D4AD4 /* DAKeyboardControl.m */ = {isa = PBXFileReference; fileEncoding = 4; lastKnownFileType = sourcecode.c.objc; path = DAKeyboardControl.m; sourceTree = "<group>"; };
		266C3824194188B200CD4F19 /* chat_room_blue_bubble@2x.png */ = {isa = PBXFileReference; lastKnownFileType = image.png; path = "chat_room_blue_bubble@2x.png"; sourceTree = "<group>"; };
		266C382B19419BED00CD4F19 /* UILabel+VerticalAlignment.m */ = {isa = PBXFileReference; fileEncoding = 4; lastKnownFileType = sourcecode.c.objc; path = "UILabel+VerticalAlignment.m"; sourceTree = "<group>"; };
		266C382C19419BED00CD4F19 /* UILabel+VerticalAlignment.h */ = {isa = PBXFileReference; fileEncoding = 4; lastKnownFileType = sourcecode.c.h; path = "UILabel+VerticalAlignment.h"; sourceTree = "<group>"; };
		269347C11936FF150048CCA2 /* HYSignInViewController.h */ = {isa = PBXFileReference; fileEncoding = 4; lastKnownFileType = sourcecode.c.h; path = HYSignInViewController.h; sourceTree = "<group>"; };
		269347C21936FF150048CCA2 /* HYSignInViewController.m */ = {isa = PBXFileReference; fileEncoding = 4; lastKnownFileType = sourcecode.c.objc; path = HYSignInViewController.m; sourceTree = "<group>"; };
		269347C41937067B0048CCA2 /* Utility.h */ = {isa = PBXFileReference; fileEncoding = 4; lastKnownFileType = sourcecode.c.h; path = Utility.h; sourceTree = "<group>"; };
		269347C51937067B0048CCA2 /* Utility.m */ = {isa = PBXFileReference; fileEncoding = 4; lastKnownFileType = sourcecode.c.objc; path = Utility.m; sourceTree = "<group>"; };
		269347C919374CFF0048CCA2 /* GKCropBorderView.h */ = {isa = PBXFileReference; fileEncoding = 4; lastKnownFileType = sourcecode.c.h; path = GKCropBorderView.h; sourceTree = "<group>"; };
		269347CA19374CFF0048CCA2 /* GKCropBorderView.m */ = {isa = PBXFileReference; fileEncoding = 4; lastKnownFileType = sourcecode.c.objc; path = GKCropBorderView.m; sourceTree = "<group>"; };
		269347CB19374CFF0048CCA2 /* GKImageCropOverlayView.h */ = {isa = PBXFileReference; fileEncoding = 4; lastKnownFileType = sourcecode.c.h; path = GKImageCropOverlayView.h; sourceTree = "<group>"; };
		269347CC19374CFF0048CCA2 /* GKImageCropOverlayView.m */ = {isa = PBXFileReference; fileEncoding = 4; lastKnownFileType = sourcecode.c.objc; path = GKImageCropOverlayView.m; sourceTree = "<group>"; };
		269347CD19374CFF0048CCA2 /* GKImageCropView.h */ = {isa = PBXFileReference; fileEncoding = 4; lastKnownFileType = sourcecode.c.h; path = GKImageCropView.h; sourceTree = "<group>"; };
		269347CE19374CFF0048CCA2 /* GKImageCropView.m */ = {isa = PBXFileReference; fileEncoding = 4; lastKnownFileType = sourcecode.c.objc; path = GKImageCropView.m; sourceTree = "<group>"; };
		269347CF19374CFF0048CCA2 /* GKImageCropViewController.h */ = {isa = PBXFileReference; fileEncoding = 4; lastKnownFileType = sourcecode.c.h; path = GKImageCropViewController.h; sourceTree = "<group>"; };
		269347D019374CFF0048CCA2 /* GKImageCropViewController.m */ = {isa = PBXFileReference; fileEncoding = 4; lastKnownFileType = sourcecode.c.objc; path = GKImageCropViewController.m; sourceTree = "<group>"; };
		269347D119374CFF0048CCA2 /* GKImagePicker.h */ = {isa = PBXFileReference; fileEncoding = 4; lastKnownFileType = sourcecode.c.h; path = GKImagePicker.h; sourceTree = "<group>"; };
		269347D219374CFF0048CCA2 /* GKImagePicker.m */ = {isa = PBXFileReference; fileEncoding = 4; lastKnownFileType = sourcecode.c.objc; path = GKImagePicker.m; sourceTree = "<group>"; };
		269347D319374CFF0048CCA2 /* GKResizeableCropOverlayView.h */ = {isa = PBXFileReference; fileEncoding = 4; lastKnownFileType = sourcecode.c.h; path = GKResizeableCropOverlayView.h; sourceTree = "<group>"; };
		269347D419374CFF0048CCA2 /* GKResizeableCropOverlayView.m */ = {isa = PBXFileReference; fileEncoding = 4; lastKnownFileType = sourcecode.c.objc; path = GKResizeableCropOverlayView.m; sourceTree = "<group>"; };
		2694CB25193F387000283DFA /* HYChatRoomDetailsViewController.h */ = {isa = PBXFileReference; fileEncoding = 4; lastKnownFileType = sourcecode.c.h; path = HYChatRoomDetailsViewController.h; sourceTree = "<group>"; };
		2694CB26193F387000283DFA /* HYChatRoomDetailsViewController.m */ = {isa = PBXFileReference; fileEncoding = 4; lastKnownFileType = sourcecode.c.objc; path = HYChatRoomDetailsViewController.m; sourceTree = "<group>"; };
		2694CB28193F391700283DFA /* ChatCustomCell.h */ = {isa = PBXFileReference; fileEncoding = 4; lastKnownFileType = sourcecode.c.h; path = ChatCustomCell.h; sourceTree = "<group>"; };
		2694CB29193F391700283DFA /* ChatCustomCell.m */ = {isa = PBXFileReference; fileEncoding = 4; lastKnownFileType = sourcecode.c.objc; path = ChatCustomCell.m; sourceTree = "<group>"; };
		2694CB2C193F3E7F00283DFA /* chat_room_back_icon@2x.png */ = {isa = PBXFileReference; lastKnownFileType = image.png; path = "chat_room_back_icon@2x.png"; sourceTree = "<group>"; };
		2694CB2D193F3E7F00283DFA /* chat_room_other_bottom_left@2x.png */ = {isa = PBXFileReference; lastKnownFileType = image.png; path = "chat_room_other_bottom_left@2x.png"; sourceTree = "<group>"; };
		2694CB2E193F3E7F00283DFA /* chat_room_other_bottom_right@2x.png */ = {isa = PBXFileReference; lastKnownFileType = image.png; path = "chat_room_other_bottom_right@2x.png"; sourceTree = "<group>"; };
		2694CB2F193F3E7F00283DFA /* chat_room_other_top_left@2x.png */ = {isa = PBXFileReference; lastKnownFileType = image.png; path = "chat_room_other_top_left@2x.png"; sourceTree = "<group>"; };
		2694CB30193F3E7F00283DFA /* chat_room_other_top_right@2x.png */ = {isa = PBXFileReference; lastKnownFileType = image.png; path = "chat_room_other_top_right@2x.png"; sourceTree = "<group>"; };
		2694CB31193F3E7F00283DFA /* chat_room_paper_clip _icon.png */ = {isa = PBXFileReference; lastKnownFileType = image.png; path = "chat_room_paper_clip _icon.png"; sourceTree = "<group>"; };
		2694CB32193F3E7F00283DFA /* chat_room_text_conatiner@2x.png */ = {isa = PBXFileReference; lastKnownFileType = image.png; path = "chat_room_text_conatiner@2x.png"; sourceTree = "<group>"; };
		2694CB33193F3E7F00283DFA /* chat_room_user_bottom_left@2x.png */ = {isa = PBXFileReference; lastKnownFileType = image.png; path = "chat_room_user_bottom_left@2x.png"; sourceTree = "<group>"; };
		2694CB34193F3E7F00283DFA /* chat_room_user_bottom_right@2x.png */ = {isa = PBXFileReference; lastKnownFileType = image.png; path = "chat_room_user_bottom_right@2x.png"; sourceTree = "<group>"; };
		2694CB35193F3E7F00283DFA /* chat_room_user_top_left@2x.png */ = {isa = PBXFileReference; lastKnownFileType = image.png; path = "chat_room_user_top_left@2x.png"; sourceTree = "<group>"; };
		2694CB36193F3E7F00283DFA /* chat_room_user_top_right@2x.png */ = {isa = PBXFileReference; lastKnownFileType = image.png; path = "chat_room_user_top_right@2x.png"; sourceTree = "<group>"; };
		269E2D9A194B5584004C0C0C /* ChatCustomPageTableView.h */ = {isa = PBXFileReference; fileEncoding = 4; lastKnownFileType = sourcecode.c.h; path = ChatCustomPageTableView.h; sourceTree = "<group>"; };
		269E2D9B194B5584004C0C0C /* ChatCustomPageTableView.m */ = {isa = PBXFileReference; fileEncoding = 4; lastKnownFileType = sourcecode.c.objc; path = ChatCustomPageTableView.m; sourceTree = "<group>"; };
		26ACF012193488F300C4BE9E /* HYSignUpViewController.h */ = {isa = PBXFileReference; fileEncoding = 4; lastKnownFileType = sourcecode.c.h; path = HYSignUpViewController.h; sourceTree = "<group>"; };
		26ACF013193488F300C4BE9E /* HYSignUpViewController.m */ = {isa = PBXFileReference; fileEncoding = 4; lastKnownFileType = sourcecode.c.objc; path = HYSignUpViewController.m; sourceTree = "<group>"; };
		26ACF016193489A700C4BE9E /* Constants.h */ = {isa = PBXFileReference; lastKnownFileType = sourcecode.c.h; path = Constants.h; sourceTree = "<group>"; };
		26ACF01C1934BE3F00C4BE9E /* NetworkEngine.h */ = {isa = PBXFileReference; fileEncoding = 4; lastKnownFileType = sourcecode.c.h; path = NetworkEngine.h; sourceTree = "<group>"; };
		26ACF01D1934BE3F00C4BE9E /* NetworkEngine.m */ = {isa = PBXFileReference; fileEncoding = 4; lastKnownFileType = sourcecode.c.objc; path = NetworkEngine.m; sourceTree = "<group>"; };
		26ACF01E1934BE3F00C4BE9E /* UpdateDataProcessor.h */ = {isa = PBXFileReference; fileEncoding = 4; lastKnownFileType = sourcecode.c.h; path = UpdateDataProcessor.h; sourceTree = "<group>"; };
		26ACF01F1934BE3F00C4BE9E /* UpdateDataProcessor.m */ = {isa = PBXFileReference; fileEncoding = 4; lastKnownFileType = sourcecode.c.objc; path = UpdateDataProcessor.m; sourceTree = "<group>"; };
		26ACF0221934C37800C4BE9E /* HYProfileViewController.h */ = {isa = PBXFileReference; fileEncoding = 4; lastKnownFileType = sourcecode.c.h; path = HYProfileViewController.h; sourceTree = "<group>"; };
		26ACF0231934C37800C4BE9E /* HYProfileViewController.m */ = {isa = PBXFileReference; fileEncoding = 4; lastKnownFileType = sourcecode.c.objc; path = HYProfileViewController.m; sourceTree = "<group>"; };
		26ACF0251934C45700C4BE9E /* PageTableView.h */ = {isa = PBXFileReference; fileEncoding = 4; lastKnownFileType = sourcecode.c.h; path = PageTableView.h; sourceTree = "<group>"; };
		26ACF0261934C45700C4BE9E /* PageTableView.m */ = {isa = PBXFileReference; fileEncoding = 4; lastKnownFileType = sourcecode.c.objc; path = PageTableView.m; sourceTree = "<group>"; };
		26ACF0291934C4CE00C4BE9E /* ProfileCustomCell.h */ = {isa = PBXFileReference; fileEncoding = 4; lastKnownFileType = sourcecode.c.h; path = ProfileCustomCell.h; sourceTree = "<group>"; };
		26ACF02A1934C4CE00C4BE9E /* ProfileCustomCell.m */ = {isa = PBXFileReference; fileEncoding = 4; lastKnownFileType = sourcecode.c.objc; path = ProfileCustomCell.m; sourceTree = "<group>"; };
		26ACF02E1934CB9F00C4BE9E /* profile_back_button@2x.png */ = {isa = PBXFileReference; lastKnownFileType = image.png; path = "profile_back_button@2x.png"; sourceTree = "<group>"; };
		26ACF02F1934CB9F00C4BE9E /* profile_settings_button@2x.png */ = {isa = PBXFileReference; lastKnownFileType = image.png; path = "profile_settings_button@2x.png"; sourceTree = "<group>"; };
		26EB89C5193C9475005258AB /* Hashy.xcdatamodel */ = {isa = PBXFileReference; lastKnownFileType = wrapper.xcdatamodel; path = Hashy.xcdatamodel; sourceTree = "<group>"; };
		26F2414219405AFB0055AA89 /* SystemConfiguration.framework */ = {isa = PBXFileReference; lastKnownFileType = wrapper.framework; name = SystemConfiguration.framework; path = System/Library/Frameworks/SystemConfiguration.framework; sourceTree = SDKROOT; };
		26F2414419405B010055AA89 /* CFNetwork.framework */ = {isa = PBXFileReference; lastKnownFileType = wrapper.framework; name = CFNetwork.framework; path = System/Library/Frameworks/CFNetwork.framework; sourceTree = SDKROOT; };
		26F2414619405B0B0055AA89 /* libz.dylib */ = {isa = PBXFileReference; lastKnownFileType = "compiled.mach-o.dylib"; name = libz.dylib; path = usr/lib/libz.dylib; sourceTree = SDKROOT; };
		26F241481940AE370055AA89 /* profile_image_container@2x.png */ = {isa = PBXFileReference; lastKnownFileType = image.png; path = "profile_image_container@2x.png"; sourceTree = "<group>"; };
		26F2414A1940B0C90055AA89 /* add_image_mask_container@2x.png.png */ = {isa = PBXFileReference; lastKnownFileType = image.png; path = "add_image_mask_container@2x.png.png"; sourceTree = "<group>"; };
		26F870DF19386BC8001A6413 /* SubscribersCustomCell.h */ = {isa = PBXFileReference; fileEncoding = 4; lastKnownFileType = sourcecode.c.h; path = SubscribersCustomCell.h; sourceTree = "<group>"; };
		26F870E019386BC8001A6413 /* SubscribersCustomCell.m */ = {isa = PBXFileReference; fileEncoding = 4; lastKnownFileType = sourcecode.c.objc; path = SubscribersCustomCell.m; sourceTree = "<group>"; };
		60E69364A15E4105A48EFB66 /* Pods.xcconfig */ = {isa = PBXFileReference; includeInIndex = 1; lastKnownFileType = text.xcconfig; name = Pods.xcconfig; path = Pods/Pods.xcconfig; sourceTree = "<group>"; };
		7C1C2195DC8E4CFBBE584936 /* libPods.a */ = {isa = PBXFileReference; explicitFileType = archive.ar; includeInIndex = 0; path = libPods.a; sourceTree = BUILT_PRODUCTS_DIR; };
		A380DF771934695100759039 /* Hashy.app */ = {isa = PBXFileReference; explicitFileType = wrapper.application; includeInIndex = 0; path = Hashy.app; sourceTree = BUILT_PRODUCTS_DIR; };
		A380DF7A1934695100759039 /* Foundation.framework */ = {isa = PBXFileReference; lastKnownFileType = wrapper.framework; name = Foundation.framework; path = System/Library/Frameworks/Foundation.framework; sourceTree = SDKROOT; };
		A380DF7C1934695100759039 /* CoreGraphics.framework */ = {isa = PBXFileReference; lastKnownFileType = wrapper.framework; name = CoreGraphics.framework; path = System/Library/Frameworks/CoreGraphics.framework; sourceTree = SDKROOT; };
		A380DF7E1934695100759039 /* UIKit.framework */ = {isa = PBXFileReference; lastKnownFileType = wrapper.framework; name = UIKit.framework; path = System/Library/Frameworks/UIKit.framework; sourceTree = SDKROOT; };
		A380DF821934695100759039 /* Hashy-Info.plist */ = {isa = PBXFileReference; lastKnownFileType = text.plist.xml; path = "Hashy-Info.plist"; sourceTree = "<group>"; };
		A380DF841934695100759039 /* en */ = {isa = PBXFileReference; lastKnownFileType = text.plist.strings; name = en; path = en.lproj/InfoPlist.strings; sourceTree = "<group>"; };
		A380DF861934695100759039 /* main.m */ = {isa = PBXFileReference; lastKnownFileType = sourcecode.c.objc; path = main.m; sourceTree = "<group>"; };
		A380DF881934695100759039 /* Hashy-Prefix.pch */ = {isa = PBXFileReference; lastKnownFileType = sourcecode.c.h; path = "Hashy-Prefix.pch"; sourceTree = "<group>"; };
		A380DF891934695100759039 /* HYAppDelegate.h */ = {isa = PBXFileReference; lastKnownFileType = sourcecode.c.h; path = HYAppDelegate.h; sourceTree = "<group>"; };
		A380DF8A1934695100759039 /* HYAppDelegate.m */ = {isa = PBXFileReference; lastKnownFileType = sourcecode.c.objc; path = HYAppDelegate.m; sourceTree = "<group>"; };
		A380DF8D1934695100759039 /* Base */ = {isa = PBXFileReference; lastKnownFileType = file.storyboard; name = Base; path = Base.lproj/Main.storyboard; sourceTree = "<group>"; };
		A380DF8F1934695100759039 /* HYViewController.h */ = {isa = PBXFileReference; lastKnownFileType = sourcecode.c.h; path = HYViewController.h; sourceTree = "<group>"; };
		A380DF901934695100759039 /* HYViewController.m */ = {isa = PBXFileReference; lastKnownFileType = sourcecode.c.objc; path = HYViewController.m; sourceTree = "<group>"; };
		A380DF921934695100759039 /* Images.xcassets */ = {isa = PBXFileReference; lastKnownFileType = folder.assetcatalog; path = Images.xcassets; sourceTree = "<group>"; };
		A380DF981934695100759039 /* HashyTests.xctest */ = {isa = PBXFileReference; explicitFileType = wrapper.cfbundle; includeInIndex = 0; path = HashyTests.xctest; sourceTree = BUILT_PRODUCTS_DIR; };
		A380DF991934695100759039 /* XCTest.framework */ = {isa = PBXFileReference; lastKnownFileType = wrapper.framework; name = XCTest.framework; path = Library/Frameworks/XCTest.framework; sourceTree = DEVELOPER_DIR; };
		A380DFA11934695100759039 /* HashyTests-Info.plist */ = {isa = PBXFileReference; lastKnownFileType = text.plist.xml; path = "HashyTests-Info.plist"; sourceTree = "<group>"; };
		A380DFA31934695100759039 /* en */ = {isa = PBXFileReference; lastKnownFileType = text.plist.strings; name = en; path = en.lproj/InfoPlist.strings; sourceTree = "<group>"; };
		A380DFA51934695100759039 /* HashyTests.m */ = {isa = PBXFileReference; lastKnownFileType = sourcecode.c.objc; path = HashyTests.m; sourceTree = "<group>"; };
		BB0E6D9619470F5500E5185F /* RECommonFunctions.h */ = {isa = PBXFileReference; fileEncoding = 4; lastKnownFileType = sourcecode.c.h; path = RECommonFunctions.h; sourceTree = "<group>"; };
		BB0E6D9719470F5500E5185F /* RECommonFunctions.m */ = {isa = PBXFileReference; fileEncoding = 4; lastKnownFileType = sourcecode.c.objc; path = RECommonFunctions.m; sourceTree = "<group>"; };
		BB0E6D9819470F5500E5185F /* REFrostedContainerViewController.h */ = {isa = PBXFileReference; fileEncoding = 4; lastKnownFileType = sourcecode.c.h; path = REFrostedContainerViewController.h; sourceTree = "<group>"; };
		BB0E6D9919470F5500E5185F /* REFrostedContainerViewController.m */ = {isa = PBXFileReference; fileEncoding = 4; lastKnownFileType = sourcecode.c.objc; path = REFrostedContainerViewController.m; sourceTree = "<group>"; };
		BB0E6D9A19470F5500E5185F /* REFrostedViewController.h */ = {isa = PBXFileReference; fileEncoding = 4; lastKnownFileType = sourcecode.c.h; path = REFrostedViewController.h; sourceTree = "<group>"; };
		BB0E6D9B19470F5500E5185F /* REFrostedViewController.m */ = {isa = PBXFileReference; fileEncoding = 4; lastKnownFileType = sourcecode.c.objc; path = REFrostedViewController.m; sourceTree = "<group>"; };
		BB0E6D9C19470F5500E5185F /* UIImage+REFrostedViewController.h */ = {isa = PBXFileReference; fileEncoding = 4; lastKnownFileType = sourcecode.c.h; path = "UIImage+REFrostedViewController.h"; sourceTree = "<group>"; };
		BB0E6D9D19470F5500E5185F /* UIImage+REFrostedViewController.m */ = {isa = PBXFileReference; fileEncoding = 4; lastKnownFileType = sourcecode.c.objc; path = "UIImage+REFrostedViewController.m"; sourceTree = "<group>"; };
		BB0E6D9E19470F5500E5185F /* UIView+REFrostedViewController.h */ = {isa = PBXFileReference; fileEncoding = 4; lastKnownFileType = sourcecode.c.h; path = "UIView+REFrostedViewController.h"; sourceTree = "<group>"; };
		BB0E6D9F19470F5500E5185F /* UIView+REFrostedViewController.m */ = {isa = PBXFileReference; fileEncoding = 4; lastKnownFileType = sourcecode.c.objc; path = "UIView+REFrostedViewController.m"; sourceTree = "<group>"; };
		BB0E6DA019470F5500E5185F /* UIViewController+REFrostedViewController.h */ = {isa = PBXFileReference; fileEncoding = 4; lastKnownFileType = sourcecode.c.h; path = "UIViewController+REFrostedViewController.h"; sourceTree = "<group>"; };
		BB0E6DA119470F5500E5185F /* UIViewController+REFrostedViewController.m */ = {isa = PBXFileReference; fileEncoding = 4; lastKnownFileType = sourcecode.c.objc; path = "UIViewController+REFrostedViewController.m"; sourceTree = "<group>"; };
		BB0E6DA819470F5D00E5185F /* DEMOHomeViewController.h */ = {isa = PBXFileReference; fileEncoding = 4; lastKnownFileType = sourcecode.c.h; path = DEMOHomeViewController.h; sourceTree = "<group>"; };
		BB0E6DA919470F5D00E5185F /* DEMOHomeViewController.m */ = {isa = PBXFileReference; fileEncoding = 4; lastKnownFileType = sourcecode.c.objc; path = DEMOHomeViewController.m; sourceTree = "<group>"; };
		BB0E6DAA19470F5D00E5185F /* DEMOMenuViewController.h */ = {isa = PBXFileReference; fileEncoding = 4; lastKnownFileType = sourcecode.c.h; path = DEMOMenuViewController.h; sourceTree = "<group>"; };
		BB0E6DAB19470F5D00E5185F /* DEMOMenuViewController.m */ = {isa = PBXFileReference; fileEncoding = 4; lastKnownFileType = sourcecode.c.objc; path = DEMOMenuViewController.m; sourceTree = "<group>"; };
		BB0E6DAE19470F5D00E5185F /* DEMOSecondViewController.h */ = {isa = PBXFileReference; fileEncoding = 4; lastKnownFileType = sourcecode.c.h; path = DEMOSecondViewController.h; sourceTree = "<group>"; };
		BB0E6DAF19470F5D00E5185F /* DEMOSecondViewController.m */ = {isa = PBXFileReference; fileEncoding = 4; lastKnownFileType = sourcecode.c.objc; path = DEMOSecondViewController.m; sourceTree = "<group>"; };
		BB0E6DB419470F6B00E5185F /* avatar@2x.jpg */ = {isa = PBXFileReference; lastKnownFileType = image.jpeg; path = "avatar@2x.jpg"; sourceTree = "<group>"; };
		BB0E6DB619470F8200E5185F /* Balloon@2x.png */ = {isa = PBXFileReference; lastKnownFileType = image.png; path = "Balloon@2x.png"; sourceTree = "<group>"; };
		BB0E6DB819470F9F00E5185F /* QuartzCore.framework */ = {isa = PBXFileReference; lastKnownFileType = wrapper.framework; name = QuartzCore.framework; path = System/Library/Frameworks/QuartzCore.framework; sourceTree = SDKROOT; };
		BB0E6DB919470F9F00E5185F /* Accelerate.framework */ = {isa = PBXFileReference; lastKnownFileType = wrapper.framework; name = Accelerate.framework; path = System/Library/Frameworks/Accelerate.framework; sourceTree = SDKROOT; };
		BB2030D719488D8500B30BEB /* Hamburget_menu_ico@2x.png */ = {isa = PBXFileReference; lastKnownFileType = image.png; path = "Hamburget_menu_ico@2x.png"; sourceTree = "<group>"; };
/* End PBXFileReference section */

/* Begin PBXFrameworksBuildPhase section */
		A380DF741934695100759039 /* Frameworks */ = {
			isa = PBXFrameworksBuildPhase;
			buildActionMask = 2147483647;
			files = (
				BB0E6DBA19470F9F00E5185F /* QuartzCore.framework in Frameworks */,
				26F2414719405B0B0055AA89 /* libz.dylib in Frameworks */,
				26F2414519405B010055AA89 /* CFNetwork.framework in Frameworks */,
				BB0E6DBB19470F9F00E5185F /* Accelerate.framework in Frameworks */,
				26F2414319405AFB0055AA89 /* SystemConfiguration.framework in Frameworks */,
				261365AF193DF42600655A7B /* AWSRuntime.framework in Frameworks */,
				261365A9193DF0FC00655A7B /* AWSS3.framework in Frameworks */,
				A380DF7D1934695100759039 /* CoreGraphics.framework in Frameworks */,
				A380DF7F1934695100759039 /* UIKit.framework in Frameworks */,
				A380DF7B1934695100759039 /* Foundation.framework in Frameworks */,
				2BA6D17E237F448382EBEC5C /* libPods.a in Frameworks */,
			);
			runOnlyForDeploymentPostprocessing = 0;
		};
		A380DF951934695100759039 /* Frameworks */ = {
			isa = PBXFrameworksBuildPhase;
			buildActionMask = 2147483647;
			files = (
				A380DF9A1934695100759039 /* XCTest.framework in Frameworks */,
				A380DF9C1934695100759039 /* UIKit.framework in Frameworks */,
				A380DF9B1934695100759039 /* Foundation.framework in Frameworks */,
			);
			runOnlyForDeploymentPostprocessing = 0;
		};
/* End PBXFrameworksBuildPhase section */

/* Begin PBXGroup section */
		2607A1D719346F8C000FBBDF /* TTTAttributedLabel */ = {
			isa = PBXGroup;
			children = (
				2607A1D819346F8C000FBBDF /* NSAttributedString+Attributes.h */,
				2607A1D919346F8C000FBBDF /* NSAttributedString+Attributes.m */,
				2607A1DA19346F8C000FBBDF /* OHParagraphStyle.h */,
				2607A1DB19346F8C000FBBDF /* OHParagraphStyle.m */,
				2607A1DC19346F8C000FBBDF /* TTTAttributedLabel.h */,
				2607A1DD19346F8C000FBBDF /* TTTAttributedLabel.m */,
			);
			path = TTTAttributedLabel;
			sourceTree = "<group>";
		};
		2613659E193DC20300655A7B /* Add Image Screen */ = {
			isa = PBXGroup;
			children = (
				26F2414A1940B0C90055AA89 /* add_image_mask_container@2x.png.png */,
			);
			path = "Add Image Screen";
			sourceTree = "<group>";
		};
		2615F19B1936173F0079687C /* List Chat Screen */ = {
			isa = PBXGroup;
			children = (
				26597BDB1948C91D00918762 /* list_screen_green_dot@2x.png */,
				2615F19C1936173F0079687C /* listChat_hashtag_icon@2x.png */,
				2615F19D1936173F0079687C /* listChat_search_container@2x.png */,
				2615F19E1936173F0079687C /* listChat_search_icon@2x.png */,
			);
			path = "List Chat Screen";
			sourceTree = "<group>";
		};
		261BF5A31946EABA00426AF2 /* Create Screen */ = {
			isa = PBXGroup;
			children = (
				261BF5A41946EABA00426AF2 /* create_image@2x.png */,
			);
			path = "Create Screen";
			sourceTree = "<group>";
		};
		261BF5A819477EB800426AF2 /* Subscribers Screen */ = {
			isa = PBXGroup;
			children = (
				261BF5A919477EB800426AF2 /* subscribers_container@2x.png */,
			);
			path = "Subscribers Screen";
			sourceTree = "<group>";
		};
		26597BC21948BBFD00918762 /* EGOTableViewPullRefresh */ = {
			isa = PBXGroup;
			children = (
				26597BC31948BBFD00918762 /* Classes */,
				26597BC71948BBFD00918762 /* Resources */,
			);
			path = EGOTableViewPullRefresh;
			sourceTree = "<group>";
		};
		26597BC31948BBFD00918762 /* Classes */ = {
			isa = PBXGroup;
			children = (
				26597BC41948BBFD00918762 /* View */,
			);
			path = Classes;
			sourceTree = "<group>";
		};
		26597BC41948BBFD00918762 /* View */ = {
			isa = PBXGroup;
			children = (
				26597BC51948BBFD00918762 /* EGORefreshTableHeaderView.h */,
				26597BC61948BBFD00918762 /* EGORefreshTableHeaderView.m */,
			);
			path = View;
			sourceTree = "<group>";
		};
		26597BC71948BBFD00918762 /* Resources */ = {
			isa = PBXGroup;
			children = (
				26597BC81948BBFD00918762 /* blackArrow.png */,
				26597BC91948BBFD00918762 /* blackArrow@2x.png */,
				26597BCA1948BBFD00918762 /* blueArrow.png */,
				26597BCB1948BBFD00918762 /* blueArrow@2x.png */,
				26597BCC1948BBFD00918762 /* grayArrow.png */,
				26597BCD1948BBFD00918762 /* grayArrow@2x.png */,
				26597BCE1948BBFD00918762 /* whiteArrow.png */,
				26597BCF1948BBFD00918762 /* whiteArrow@2x.png */,
			);
			path = Resources;
			sourceTree = "<group>";
		};
		26674EAE19384BD700A032B3 /* App Icon */ = {
			isa = PBXGroup;
			children = (
				26674EAF19384BD700A032B3 /* AppIcon29x29.png */,
				26674EB019384BD700A032B3 /* AppIcon29x29@2x.png */,
				26674EB119384BD700A032B3 /* AppIcon40x40.png */,
				26674EB219384BD700A032B3 /* AppIcon40x40@2x.png */,
				26674EB319384BD700A032B3 /* AppIcon50x50.png */,
				26674EB419384BD700A032B3 /* AppIcon50x50@2x.png */,
				26674EB519384BD700A032B3 /* AppIcon57x57.png */,
				26674EB619384BD700A032B3 /* AppIcon57x57@2x.png */,
				26674EB719384BD700A032B3 /* AppIcon60x60.png */,
				26674EB819384BD700A032B3 /* AppIcon60x60@2x.png */,
				26674EB919384BD700A032B3 /* AppIcon72x72.png */,
				26674EBA19384BD700A032B3 /* AppIcon72x72@2x.png */,
				26674EBB19384BD700A032B3 /* AppIcon76x76.png */,
				26674EBC19384BD700A032B3 /* AppIcon76x76@2x.png */,
				26674EBD19384BD700A032B3 /* iTunesArtwork.png */,
				26674EBE19384BD700A032B3 /* iTunesArtwork@2x.png */,
			);
			path = "App Icon";
			sourceTree = "<group>";
		};
		269347C719374CFF0048CCA2 /* Custom Image Picker */ = {
			isa = PBXGroup;
			children = (
				269347C819374CFF0048CCA2 /* GKClasses */,
			);
			path = "Custom Image Picker";
			sourceTree = "<group>";
		};
		269347C819374CFF0048CCA2 /* GKClasses */ = {
			isa = PBXGroup;
			children = (
				269347C919374CFF0048CCA2 /* GKCropBorderView.h */,
				269347CA19374CFF0048CCA2 /* GKCropBorderView.m */,
				269347CB19374CFF0048CCA2 /* GKImageCropOverlayView.h */,
				269347CC19374CFF0048CCA2 /* GKImageCropOverlayView.m */,
				269347CD19374CFF0048CCA2 /* GKImageCropView.h */,
				269347CE19374CFF0048CCA2 /* GKImageCropView.m */,
				269347CF19374CFF0048CCA2 /* GKImageCropViewController.h */,
				269347D019374CFF0048CCA2 /* GKImageCropViewController.m */,
				269347D119374CFF0048CCA2 /* GKImagePicker.h */,
				269347D219374CFF0048CCA2 /* GKImagePicker.m */,
				269347D319374CFF0048CCA2 /* GKResizeableCropOverlayView.h */,
				269347D419374CFF0048CCA2 /* GKResizeableCropOverlayView.m */,
			);
			path = GKClasses;
			sourceTree = "<group>";
		};
		2694CB2B193F3E7F00283DFA /* Chat Room Screen */ = {
			isa = PBXGroup;
			children = (
				261BF5A619477B9900426AF2 /* chat_room_grey_bubble@2x.png */,
				266C3824194188B200CD4F19 /* chat_room_blue_bubble@2x.png */,
				2694CB2C193F3E7F00283DFA /* chat_room_back_icon@2x.png */,
				2694CB2D193F3E7F00283DFA /* chat_room_other_bottom_left@2x.png */,
				2694CB2E193F3E7F00283DFA /* chat_room_other_bottom_right@2x.png */,
				2694CB2F193F3E7F00283DFA /* chat_room_other_top_left@2x.png */,
				2694CB30193F3E7F00283DFA /* chat_room_other_top_right@2x.png */,
				2694CB31193F3E7F00283DFA /* chat_room_paper_clip _icon.png */,
				2694CB32193F3E7F00283DFA /* chat_room_text_conatiner@2x.png */,
				2694CB33193F3E7F00283DFA /* chat_room_user_bottom_left@2x.png */,
				2694CB34193F3E7F00283DFA /* chat_room_user_bottom_right@2x.png */,
				2694CB35193F3E7F00283DFA /* chat_room_user_top_left@2x.png */,
				2694CB36193F3E7F00283DFA /* chat_room_user_top_right@2x.png */,
			);
			path = "Chat Room Screen";
			sourceTree = "<group>";
		};
		26ACF0151934899900C4BE9E /* Shared */ = {
			isa = PBXGroup;
			children = (
				26ACF016193489A700C4BE9E /* Constants.h */,
				269347C41937067B0048CCA2 /* Utility.h */,
				269347C51937067B0048CCA2 /* Utility.m */,
				26ACF01E1934BE3F00C4BE9E /* UpdateDataProcessor.h */,
				26ACF01F1934BE3F00C4BE9E /* UpdateDataProcessor.m */,
				26ACF01C1934BE3F00C4BE9E /* NetworkEngine.h */,
				26ACF01D1934BE3F00C4BE9E /* NetworkEngine.m */,
				26ACF0251934C45700C4BE9E /* PageTableView.h */,
				26ACF0261934C45700C4BE9E /* PageTableView.m */,
				269E2D9A194B5584004C0C0C /* ChatCustomPageTableView.h */,
				269E2D9B194B5584004C0C0C /* ChatCustomPageTableView.m */,
				261365B0193DFDB000655A7B /* UserInfo.h */,
				261365B1193DFDB000655A7B /* UserInfo.m */,
			);
			path = Shared;
			sourceTree = "<group>";
		};
		26ACF0281934C4A500C4BE9E /* Custom Cell */ = {
			isa = PBXGroup;
			children = (
				26ACF0291934C4CE00C4BE9E /* ProfileCustomCell.h */,
				26ACF02A1934C4CE00C4BE9E /* ProfileCustomCell.m */,
				26F870DF19386BC8001A6413 /* SubscribersCustomCell.h */,
				26F870E019386BC8001A6413 /* SubscribersCustomCell.m */,
				2694CB28193F391700283DFA /* ChatCustomCell.h */,
				2694CB29193F391700283DFA /* ChatCustomCell.m */,
			);
			path = "Custom Cell";
			sourceTree = "<group>";
		};
		26ACF02C1934CB9F00C4BE9E /* Images */ = {
			isa = PBXGroup;
			children = (
				261BF5A819477EB800426AF2 /* Subscribers Screen */,
				261BF5A31946EABA00426AF2 /* Create Screen */,
				2694CB2B193F3E7F00283DFA /* Chat Room Screen */,
				2613659E193DC20300655A7B /* Add Image Screen */,
				26674EAE19384BD700A032B3 /* App Icon */,
				2615F19B1936173F0079687C /* List Chat Screen */,
				26ACF02D1934CB9F00C4BE9E /* Profile Screen */,
				26ACF0301934CB9F00C4BE9E /* Sign Up Screen */,
			);
			path = Images;
			sourceTree = "<group>";
		};
		26ACF02D1934CB9F00C4BE9E /* Profile Screen */ = {
			isa = PBXGroup;
			children = (
				26597BD91948C79F00918762 /* profile_green_dot@2x.png */,
				26F241481940AE370055AA89 /* profile_image_container@2x.png */,
				2615F18E193600D70079687C /* profile_forward_icon@2x.png */,
				26ACF02E1934CB9F00C4BE9E /* profile_back_button@2x.png */,
				26ACF02F1934CB9F00C4BE9E /* profile_settings_button@2x.png */,
			);
			path = "Profile Screen";
			sourceTree = "<group>";
		};
		26ACF0301934CB9F00C4BE9E /* Sign Up Screen */ = {
			isa = PBXGroup;
			children = (
			);
			path = "Sign Up Screen";
			sourceTree = "<group>";
		};
		A380DF6E1934695100759039 = {
			isa = PBXGroup;
			children = (
				2615F1871935F1990079687C /* Default-568h@2x.png */,
				A380DF801934695100759039 /* Hashy */,
				A380DF9F1934695100759039 /* HashyTests */,
				A380DF791934695100759039 /* Frameworks */,
				A380DF781934695100759039 /* Products */,
				60E69364A15E4105A48EFB66 /* Pods.xcconfig */,
			);
			sourceTree = "<group>";
		};
		A380DF781934695100759039 /* Products */ = {
			isa = PBXGroup;
			children = (
				A380DF771934695100759039 /* Hashy.app */,
				A380DF981934695100759039 /* HashyTests.xctest */,
			);
			name = Products;
			sourceTree = "<group>";
		};
		A380DF791934695100759039 /* Frameworks */ = {
			isa = PBXGroup;
			children = (
				BB0E6DB819470F9F00E5185F /* QuartzCore.framework */,
				BB0E6DB919470F9F00E5185F /* Accelerate.framework */,
				26F2414619405B0B0055AA89 /* libz.dylib */,
				26F2414419405B010055AA89 /* CFNetwork.framework */,
				26F2414219405AFB0055AA89 /* SystemConfiguration.framework */,
				261365AE193DF42600655A7B /* AWSRuntime.framework */,
				261365A8193DF0FC00655A7B /* AWSS3.framework */,
				A380DF7A1934695100759039 /* Foundation.framework */,
				A380DF7C1934695100759039 /* CoreGraphics.framework */,
				A380DF7E1934695100759039 /* UIKit.framework */,
				A380DF991934695100759039 /* XCTest.framework */,
				7C1C2195DC8E4CFBBE584936 /* libPods.a */,
			);
			name = Frameworks;
			sourceTree = "<group>";
		};
		A380DF801934695100759039 /* Hashy */ = {
			isa = PBXGroup;
			children = (
				26597BC21948BBFD00918762 /* EGOTableViewPullRefresh */,
				BB0E6D9319470E7300E5185F /* Side Menu */,
				269347C719374CFF0048CCA2 /* Custom Image Picker */,
				2607A1D719346F8C000FBBDF /* TTTAttributedLabel */,
				26ACF0151934899900C4BE9E /* Shared */,
				26ACF0281934C4A500C4BE9E /* Custom Cell */,
				A380DF891934695100759039 /* HYAppDelegate.h */,
				A380DF8A1934695100759039 /* HYAppDelegate.m */,
				A380DF8C1934695100759039 /* Main.storyboard */,
				A380DF8F1934695100759039 /* HYViewController.h */,
				A380DF901934695100759039 /* HYViewController.m */,
				2607A1D319346F8C000FBBDF /* CustomNavigationController.h */,
				2607A1D419346F8C000FBBDF /* CustomNavigationController.m */,
				269347C11936FF150048CCA2 /* HYSignInViewController.h */,
				269347C21936FF150048CCA2 /* HYSignInViewController.m */,
				26ACF012193488F300C4BE9E /* HYSignUpViewController.h */,
				26ACF013193488F300C4BE9E /* HYSignUpViewController.m */,
				2607A1DE19346F8C000FBBDF /* AddImageViewController.h */,
				2607A1DF19346F8C000FBBDF /* AddImageViewController.m */,
				26ACF0221934C37800C4BE9E /* HYProfileViewController.h */,
				26ACF0231934C37800C4BE9E /* HYProfileViewController.m */,
				2615F19219360C870079687C /* HYListChatViewController.h */,
				2615F19319360C870079687C /* HYListChatViewController.m */,
				2615F19519360C9E0079687C /* HYCreateChatViewController.h */,
				2615F19619360C9E0079687C /* HYCreateChatViewController.m */,
				26674ECF19384D1E00A032B3 /* HYSubscribersListViewController.h */,
				26674ED019384D1E00A032B3 /* HYSubscribersListViewController.m */,
				2694CB25193F387000283DFA /* HYChatRoomDetailsViewController.h */,
				2694CB26193F387000283DFA /* HYChatRoomDetailsViewController.m */,
				266C382B19419BED00CD4F19 /* UILabel+VerticalAlignment.m */,
				266C382C19419BED00CD4F19 /* UILabel+VerticalAlignment.h */,
				2669DB631949F246003D4AD4 /* DAKeyboardControl.h */,
				2669DB641949F247003D4AD4 /* DAKeyboardControl.m */,
				A380DF921934695100759039 /* Images.xcassets */,
				A380DF811934695100759039 /* Supporting Files */,
			);
			path = Hashy;
			sourceTree = "<group>";
		};
		A380DF811934695100759039 /* Supporting Files */ = {
			isa = PBXGroup;
			children = (
				BB0E6DB419470F6B00E5185F /* avatar@2x.jpg */,
				BB0E6DB619470F8200E5185F /* Balloon@2x.png */,
				BB2030D719488D8500B30BEB /* Hamburget_menu_ico@2x.png */,
				26ACF02C1934CB9F00C4BE9E /* Images */,
				A380DF821934695100759039 /* Hashy-Info.plist */,
				26EB89C4193C9475005258AB /* Hashy.xcdatamodeld */,
				A380DF831934695100759039 /* InfoPlist.strings */,
				A380DF861934695100759039 /* main.m */,
				A380DF881934695100759039 /* Hashy-Prefix.pch */,
			);
			name = "Supporting Files";
			sourceTree = "<group>";
		};
		A380DF9F1934695100759039 /* HashyTests */ = {
			isa = PBXGroup;
			children = (
				A380DFA51934695100759039 /* HashyTests.m */,
				A380DFA01934695100759039 /* Supporting Files */,
			);
			path = HashyTests;
			sourceTree = "<group>";
		};
		A380DFA01934695100759039 /* Supporting Files */ = {
			isa = PBXGroup;
			children = (
				A380DFA11934695100759039 /* HashyTests-Info.plist */,
				A380DFA21934695100759039 /* InfoPlist.strings */,
			);
			name = "Supporting Files";
			sourceTree = "<group>";
		};
		BB0E6D9319470E7300E5185F /* Side Menu */ = {
			isa = PBXGroup;
			children = (
				BB0E6D9519470F4400E5185F /* Delegate Classes */,
				BB0E6D9419470F3B00E5185F /* Controller classes */,
			);
			name = "Side Menu";
			sourceTree = "<group>";
		};
		BB0E6D9419470F3B00E5185F /* Controller classes */ = {
			isa = PBXGroup;
			children = (
				BB0E6DA819470F5D00E5185F /* DEMOHomeViewController.h */,
				BB0E6DA919470F5D00E5185F /* DEMOHomeViewController.m */,
				BB0E6DAA19470F5D00E5185F /* DEMOMenuViewController.h */,
				BB0E6DAB19470F5D00E5185F /* DEMOMenuViewController.m */,
				BB0E6DAE19470F5D00E5185F /* DEMOSecondViewController.h */,
				BB0E6DAF19470F5D00E5185F /* DEMOSecondViewController.m */,
			);
			name = "Controller classes";
			sourceTree = "<group>";
		};
		BB0E6D9519470F4400E5185F /* Delegate Classes */ = {
			isa = PBXGroup;
			children = (
				BB0E6D9619470F5500E5185F /* RECommonFunctions.h */,
				BB0E6D9719470F5500E5185F /* RECommonFunctions.m */,
				BB0E6D9819470F5500E5185F /* REFrostedContainerViewController.h */,
				BB0E6D9919470F5500E5185F /* REFrostedContainerViewController.m */,
				BB0E6D9A19470F5500E5185F /* REFrostedViewController.h */,
				BB0E6D9B19470F5500E5185F /* REFrostedViewController.m */,
				BB0E6D9C19470F5500E5185F /* UIImage+REFrostedViewController.h */,
				BB0E6D9D19470F5500E5185F /* UIImage+REFrostedViewController.m */,
				BB0E6D9E19470F5500E5185F /* UIView+REFrostedViewController.h */,
				BB0E6D9F19470F5500E5185F /* UIView+REFrostedViewController.m */,
				BB0E6DA019470F5500E5185F /* UIViewController+REFrostedViewController.h */,
				BB0E6DA119470F5500E5185F /* UIViewController+REFrostedViewController.m */,
			);
			name = "Delegate Classes";
			sourceTree = "<group>";
		};
/* End PBXGroup section */

/* Begin PBXNativeTarget section */
		A380DF761934695100759039 /* Hashy */ = {
			isa = PBXNativeTarget;
			buildConfigurationList = A380DFA91934695100759039 /* Build configuration list for PBXNativeTarget "Hashy" */;
			buildPhases = (
				CB5DB30D4666416C8A64B11E /* Check Pods Manifest.lock */,
				A380DF731934695100759039 /* Sources */,
				A380DF741934695100759039 /* Frameworks */,
				A380DF751934695100759039 /* Resources */,
				47375664DCE54E73AE4E87C1 /* Copy Pods Resources */,
			);
			buildRules = (
			);
			dependencies = (
			);
			name = Hashy;
			productName = Hashy;
			productReference = A380DF771934695100759039 /* Hashy.app */;
			productType = "com.apple.product-type.application";
		};
		A380DF971934695100759039 /* HashyTests */ = {
			isa = PBXNativeTarget;
			buildConfigurationList = A380DFAC1934695100759039 /* Build configuration list for PBXNativeTarget "HashyTests" */;
			buildPhases = (
				A380DF941934695100759039 /* Sources */,
				A380DF951934695100759039 /* Frameworks */,
				A380DF961934695100759039 /* Resources */,
			);
			buildRules = (
			);
			dependencies = (
				A380DF9E1934695100759039 /* PBXTargetDependency */,
			);
			name = HashyTests;
			productName = HashyTests;
			productReference = A380DF981934695100759039 /* HashyTests.xctest */;
			productType = "com.apple.product-type.bundle.unit-test";
		};
/* End PBXNativeTarget section */

/* Begin PBXProject section */
		A380DF6F1934695100759039 /* Project object */ = {
			isa = PBXProject;
			attributes = {
				CLASSPREFIX = HY;
				LastUpgradeCheck = 0510;
				ORGANIZATIONNAME = Kurt;
				TargetAttributes = {
					A380DF761934695100759039 = {
						DevelopmentTeam = PD95BY7HF9;
					};
					A380DF971934695100759039 = {
						TestTargetID = A380DF761934695100759039;
					};
				};
			};
			buildConfigurationList = A380DF721934695100759039 /* Build configuration list for PBXProject "Hashy" */;
			compatibilityVersion = "Xcode 3.2";
			developmentRegion = English;
			hasScannedForEncodings = 0;
			knownRegions = (
				en,
				Base,
			);
			mainGroup = A380DF6E1934695100759039;
			productRefGroup = A380DF781934695100759039 /* Products */;
			projectDirPath = "";
			projectRoot = "";
			targets = (
				A380DF761934695100759039 /* Hashy */,
				A380DF971934695100759039 /* HashyTests */,
			);
		};
/* End PBXProject section */

/* Begin PBXResourcesBuildPhase section */
		A380DF751934695100759039 /* Resources */ = {
			isa = PBXResourcesBuildPhase;
			buildActionMask = 2147483647;
			files = (
				A380DF931934695100759039 /* Images.xcassets in Resources */,
				2694CB40193F3E7F00283DFA /* chat_room_user_top_left@2x.png in Resources */,
				261BF5AA19477EB800426AF2 /* subscribers_container@2x.png in Resources */,
				26674EC919384BD700A032B3 /* AppIcon72x72.png in Resources */,
				26597BD71948BBFD00918762 /* whiteArrow.png in Resources */,
				26F2414B1940B0C90055AA89 /* add_image_mask_container@2x.png.png in Resources */,
				2694CB41193F3E7F00283DFA /* chat_room_user_top_right@2x.png in Resources */,
				26674EC619384BD700A032B3 /* AppIcon57x57@2x.png in Resources */,
				2694CB3C193F3E7F00283DFA /* chat_room_paper_clip _icon.png in Resources */,
				26674EC519384BD700A032B3 /* AppIcon57x57.png in Resources */,
				2615F1A11936173F0079687C /* listChat_search_icon@2x.png in Resources */,
				26F241491940AE370055AA89 /* profile_image_container@2x.png in Resources */,
				A380DF851934695100759039 /* InfoPlist.strings in Resources */,
				26ACF0321934CB9F00C4BE9E /* profile_settings_button@2x.png in Resources */,
				A380DF8E1934695100759039 /* Main.storyboard in Resources */,
				2615F1A01936173F0079687C /* listChat_search_container@2x.png in Resources */,
				26597BD61948BBFD00918762 /* grayArrow@2x.png in Resources */,
				26674EC219384BD700A032B3 /* AppIcon40x40@2x.png in Resources */,
				26674EC719384BD700A032B3 /* AppIcon60x60.png in Resources */,
				26674EC819384BD700A032B3 /* AppIcon60x60@2x.png in Resources */,
				261BF5A719477B9900426AF2 /* chat_room_grey_bubble@2x.png in Resources */,
				266C3826194188B200CD4F19 /* chat_room_blue_bubble@2x.png in Resources */,
				2615F1881935F1990079687C /* Default-568h@2x.png in Resources */,
				26ACF0311934CB9F00C4BE9E /* profile_back_button@2x.png in Resources */,
				26674ECB19384BD700A032B3 /* AppIcon76x76.png in Resources */,
				2694CB38193F3E7F00283DFA /* chat_room_other_bottom_left@2x.png in Resources */,
				26674EC019384BD700A032B3 /* AppIcon29x29@2x.png in Resources */,
				26674EC419384BD700A032B3 /* AppIcon50x50@2x.png in Resources */,
				26597BD11948BBFD00918762 /* blackArrow.png in Resources */,
				BB0E6DB719470F8200E5185F /* Balloon@2x.png in Resources */,
				2615F190193600D70079687C /* profile_forward_icon@2x.png in Resources */,
				2694CB3F193F3E7F00283DFA /* chat_room_user_bottom_right@2x.png in Resources */,
				2694CB3D193F3E7F00283DFA /* chat_room_text_conatiner@2x.png in Resources */,
				26597BD41948BBFD00918762 /* blueArrow@2x.png in Resources */,
				2615F19F1936173F0079687C /* listChat_hashtag_icon@2x.png in Resources */,
				2694CB37193F3E7F00283DFA /* chat_room_back_icon@2x.png in Resources */,
				26674ECD19384BD700A032B3 /* iTunesArtwork.png in Resources */,
				26674EBF19384BD700A032B3 /* AppIcon29x29.png in Resources */,
				26674ECE19384BD700A032B3 /* iTunesArtwork@2x.png in Resources */,
				2694CB39193F3E7F00283DFA /* chat_room_other_bottom_right@2x.png in Resources */,
				26597BD51948BBFD00918762 /* grayArrow.png in Resources */,
				26597BD21948BBFD00918762 /* blackArrow@2x.png in Resources */,
				26597BD31948BBFD00918762 /* blueArrow.png in Resources */,
				BB0E6DB519470F6B00E5185F /* avatar@2x.jpg in Resources */,
				2694CB3A193F3E7F00283DFA /* chat_room_other_top_left@2x.png in Resources */,
				261BF5A51946EABA00426AF2 /* create_image@2x.png in Resources */,
				26597BDC1948C91D00918762 /* list_screen_green_dot@2x.png in Resources */,
				26674EC119384BD700A032B3 /* AppIcon40x40.png in Resources */,
				BB2030D819488D8500B30BEB /* Hamburget_menu_ico@2x.png in Resources */,
				2694CB3B193F3E7F00283DFA /* chat_room_other_top_right@2x.png in Resources */,
				26597BDA1948C79F00918762 /* profile_green_dot@2x.png in Resources */,
				26674ECC19384BD700A032B3 /* AppIcon76x76@2x.png in Resources */,
				26674ECA19384BD700A032B3 /* AppIcon72x72@2x.png in Resources */,
				2694CB3E193F3E7F00283DFA /* chat_room_user_bottom_left@2x.png in Resources */,
				26597BD81948BBFD00918762 /* whiteArrow@2x.png in Resources */,
				26674EC319384BD700A032B3 /* AppIcon50x50.png in Resources */,
			);
			runOnlyForDeploymentPostprocessing = 0;
		};
		A380DF961934695100759039 /* Resources */ = {
			isa = PBXResourcesBuildPhase;
			buildActionMask = 2147483647;
			files = (
				A380DFA41934695100759039 /* InfoPlist.strings in Resources */,
			);
			runOnlyForDeploymentPostprocessing = 0;
		};
/* End PBXResourcesBuildPhase section */

/* Begin PBXShellScriptBuildPhase section */
		47375664DCE54E73AE4E87C1 /* Copy Pods Resources */ = {
			isa = PBXShellScriptBuildPhase;
			buildActionMask = 2147483647;
			files = (
			);
			inputPaths = (
			);
			name = "Copy Pods Resources";
			outputPaths = (
			);
			runOnlyForDeploymentPostprocessing = 0;
			shellPath = /bin/sh;
			shellScript = "\"${SRCROOT}/Pods/Pods-resources.sh\"\n";
			showEnvVarsInLog = 0;
		};
		CB5DB30D4666416C8A64B11E /* Check Pods Manifest.lock */ = {
			isa = PBXShellScriptBuildPhase;
			buildActionMask = 2147483647;
			files = (
			);
			inputPaths = (
			);
			name = "Check Pods Manifest.lock";
			outputPaths = (
			);
			runOnlyForDeploymentPostprocessing = 0;
			shellPath = /bin/sh;
			shellScript = "diff \"${PODS_ROOT}/../Podfile.lock\" \"${PODS_ROOT}/Manifest.lock\" > /dev/null\nif [[ $? != 0 ]] ; then\n    cat << EOM\nerror: The sandbox is not in sync with the Podfile.lock. Run 'pod install' or update your CocoaPods installation.\nEOM\n    exit 1\nfi\n";
			showEnvVarsInLog = 0;
		};
/* End PBXShellScriptBuildPhase section */

/* Begin PBXSourcesBuildPhase section */
		A380DF731934695100759039 /* Sources */ = {
			isa = PBXSourcesBuildPhase;
			buildActionMask = 2147483647;
			files = (
				BB0E6DB019470F5D00E5185F /* DEMOHomeViewController.m in Sources */,
				26F870E119386BC8001A6413 /* SubscribersCustomCell.m in Sources */,
				A380DF911934695100759039 /* HYViewController.m in Sources */,
				26ACF0271934C45700C4BE9E /* PageTableView.m in Sources */,
				269347E719374CFF0048CCA2 /* GKImageCropView.m in Sources */,
				269347EA19374CFF0048CCA2 /* GKResizeableCropOverlayView.m in Sources */,
				2669DB651949F247003D4AD4 /* DAKeyboardControl.m in Sources */,
				A380DF871934695100759039 /* main.m in Sources */,
				26ACF014193488F300C4BE9E /* HYSignUpViewController.m in Sources */,
				269347E519374CFF0048CCA2 /* GKCropBorderView.m in Sources */,
				2615F19419360C880079687C /* HYListChatViewController.m in Sources */,
				BB0E6DB319470F5D00E5185F /* DEMOSecondViewController.m in Sources */,
				26597BD01948BBFD00918762 /* EGORefreshTableHeaderView.m in Sources */,
				26ACF02B1934C4CE00C4BE9E /* ProfileCustomCell.m in Sources */,
				2694CB2A193F391700283DFA /* ChatCustomCell.m in Sources */,
				2607A1E419346F8C000FBBDF /* TTTAttributedLabel.m in Sources */,
				269E2D9C194B5584004C0C0C /* ChatCustomPageTableView.m in Sources */,
				26EB89C6193C9475005258AB /* Hashy.xcdatamodeld in Sources */,
				BB0E6DA619470F5500E5185F /* UIView+REFrostedViewController.m in Sources */,
				26674ED119384D1E00A032B3 /* HYSubscribersListViewController.m in Sources */,
				269347E619374CFF0048CCA2 /* GKImageCropOverlayView.m in Sources */,
				269347E819374CFF0048CCA2 /* GKImageCropViewController.m in Sources */,
				BB0E6DA319470F5500E5185F /* REFrostedContainerViewController.m in Sources */,
				2607A1E019346F8C000FBBDF /* CustomNavigationController.m in Sources */,
				269347C61937067B0048CCA2 /* Utility.m in Sources */,
				2694CB27193F387000283DFA /* HYChatRoomDetailsViewController.m in Sources */,
				269347E919374CFF0048CCA2 /* GKImagePicker.m in Sources */,
				26ACF0241934C37800C4BE9E /* HYProfileViewController.m in Sources */,
				2607A1E519346F8C000FBBDF /* AddImageViewController.m in Sources */,
				261365B2193DFDB000655A7B /* UserInfo.m in Sources */,
				266C382D19419BED00CD4F19 /* UILabel+VerticalAlignment.m in Sources */,
				BB0E6DB119470F5D00E5185F /* DEMOMenuViewController.m in Sources */,
				26ACF0211934BE3F00C4BE9E /* UpdateDataProcessor.m in Sources */,
				2615F19719360C9E0079687C /* HYCreateChatViewController.m in Sources */,
				26ACF0201934BE3F00C4BE9E /* NetworkEngine.m in Sources */,
				2607A1E219346F8C000FBBDF /* NSAttributedString+Attributes.m in Sources */,
				269347C31936FF150048CCA2 /* HYSignInViewController.m in Sources */,
				BB0E6DA719470F5500E5185F /* UIViewController+REFrostedViewController.m in Sources */,
				BB0E6DA519470F5500E5185F /* UIImage+REFrostedViewController.m in Sources */,
				2607A1E319346F8C000FBBDF /* OHParagraphStyle.m in Sources */,
				BB0E6DA219470F5500E5185F /* RECommonFunctions.m in Sources */,
				A380DF8B1934695100759039 /* HYAppDelegate.m in Sources */,
				BB0E6DA419470F5500E5185F /* REFrostedViewController.m in Sources */,
			);
			runOnlyForDeploymentPostprocessing = 0;
		};
		A380DF941934695100759039 /* Sources */ = {
			isa = PBXSourcesBuildPhase;
			buildActionMask = 2147483647;
			files = (
				A380DFA61934695100759039 /* HashyTests.m in Sources */,
			);
			runOnlyForDeploymentPostprocessing = 0;
		};
/* End PBXSourcesBuildPhase section */

/* Begin PBXTargetDependency section */
		A380DF9E1934695100759039 /* PBXTargetDependency */ = {
			isa = PBXTargetDependency;
			target = A380DF761934695100759039 /* Hashy */;
			targetProxy = A380DF9D1934695100759039 /* PBXContainerItemProxy */;
		};
/* End PBXTargetDependency section */

/* Begin PBXVariantGroup section */
		A380DF831934695100759039 /* InfoPlist.strings */ = {
			isa = PBXVariantGroup;
			children = (
				A380DF841934695100759039 /* en */,
			);
			name = InfoPlist.strings;
			sourceTree = "<group>";
		};
		A380DF8C1934695100759039 /* Main.storyboard */ = {
			isa = PBXVariantGroup;
			children = (
				A380DF8D1934695100759039 /* Base */,
			);
			name = Main.storyboard;
			sourceTree = "<group>";
		};
		A380DFA21934695100759039 /* InfoPlist.strings */ = {
			isa = PBXVariantGroup;
			children = (
				A380DFA31934695100759039 /* en */,
			);
			name = InfoPlist.strings;
			sourceTree = "<group>";
		};
/* End PBXVariantGroup section */

/* Begin XCBuildConfiguration section */
		A380DFA71934695100759039 /* Debug */ = {
			isa = XCBuildConfiguration;
			buildSettings = {
				ALWAYS_SEARCH_USER_PATHS = NO;
				CLANG_CXX_LANGUAGE_STANDARD = "gnu++0x";
				CLANG_CXX_LIBRARY = "libc++";
				CLANG_ENABLE_MODULES = YES;
				CLANG_ENABLE_OBJC_ARC = YES;
				CLANG_WARN_BOOL_CONVERSION = YES;
				CLANG_WARN_CONSTANT_CONVERSION = YES;
				CLANG_WARN_DIRECT_OBJC_ISA_USAGE = YES_ERROR;
				CLANG_WARN_EMPTY_BODY = YES;
				CLANG_WARN_ENUM_CONVERSION = YES;
				CLANG_WARN_INT_CONVERSION = YES;
				CLANG_WARN_OBJC_ROOT_CLASS = YES_ERROR;
				CLANG_WARN__DUPLICATE_METHOD_MATCH = YES;
				"CODE_SIGN_IDENTITY[sdk=iphoneos*]" = "iPhone Developer";
				COPY_PHASE_STRIP = NO;
				GCC_C_LANGUAGE_STANDARD = gnu99;
				GCC_DYNAMIC_NO_PIC = NO;
				GCC_OPTIMIZATION_LEVEL = 0;
				GCC_PREPROCESSOR_DEFINITIONS = (
					"DEBUG=1",
					"$(inherited)",
				);
				GCC_SYMBOLS_PRIVATE_EXTERN = NO;
				GCC_WARN_64_TO_32_BIT_CONVERSION = YES;
				GCC_WARN_ABOUT_RETURN_TYPE = YES_ERROR;
				GCC_WARN_UNDECLARED_SELECTOR = YES;
				GCC_WARN_UNINITIALIZED_AUTOS = YES_AGGRESSIVE;
				GCC_WARN_UNUSED_FUNCTION = YES;
				GCC_WARN_UNUSED_VARIABLE = YES;
				IPHONEOS_DEPLOYMENT_TARGET = 7.0;
				ONLY_ACTIVE_ARCH = YES;
				SDKROOT = iphoneos;
			};
			name = Debug;
		};
		A380DFA81934695100759039 /* Release */ = {
			isa = XCBuildConfiguration;
			buildSettings = {
				ALWAYS_SEARCH_USER_PATHS = NO;
				CLANG_CXX_LANGUAGE_STANDARD = "gnu++0x";
				CLANG_CXX_LIBRARY = "libc++";
				CLANG_ENABLE_MODULES = YES;
				CLANG_ENABLE_OBJC_ARC = YES;
				CLANG_WARN_BOOL_CONVERSION = YES;
				CLANG_WARN_CONSTANT_CONVERSION = YES;
				CLANG_WARN_DIRECT_OBJC_ISA_USAGE = YES_ERROR;
				CLANG_WARN_EMPTY_BODY = YES;
				CLANG_WARN_ENUM_CONVERSION = YES;
				CLANG_WARN_INT_CONVERSION = YES;
				CLANG_WARN_OBJC_ROOT_CLASS = YES_ERROR;
				CLANG_WARN__DUPLICATE_METHOD_MATCH = YES;
				"CODE_SIGN_IDENTITY[sdk=iphoneos*]" = "iPhone Developer";
				COPY_PHASE_STRIP = YES;
				ENABLE_NS_ASSERTIONS = NO;
				GCC_C_LANGUAGE_STANDARD = gnu99;
				GCC_WARN_64_TO_32_BIT_CONVERSION = YES;
				GCC_WARN_ABOUT_RETURN_TYPE = YES_ERROR;
				GCC_WARN_UNDECLARED_SELECTOR = YES;
				GCC_WARN_UNINITIALIZED_AUTOS = YES_AGGRESSIVE;
				GCC_WARN_UNUSED_FUNCTION = YES;
				GCC_WARN_UNUSED_VARIABLE = YES;
				IPHONEOS_DEPLOYMENT_TARGET = 7.0;
				SDKROOT = iphoneos;
				VALIDATE_PRODUCT = YES;
			};
			name = Release;
		};
		A380DFAA1934695100759039 /* Debug */ = {
			isa = XCBuildConfiguration;
			baseConfigurationReference = 60E69364A15E4105A48EFB66 /* Pods.xcconfig */;
			buildSettings = {
				CODE_SIGN_IDENTITY = "iPhone Developer: kurtis Braget (X783V48JKA)";
				FRAMEWORK_SEARCH_PATHS = (
					"$(inherited)",
					"$(SRCROOT)/Hashy",
				);
				GCC_PRECOMPILE_PREFIX_HEADER = YES;
				GCC_PREFIX_HEADER = "Hashy/Hashy-Prefix.pch";
				INFOPLIST_FILE = "Hashy/Hashy-Info.plist";
				IPHONEOS_DEPLOYMENT_TARGET = 6.0;
				PRODUCT_NAME = "$(TARGET_NAME)";
				PROVISIONING_PROFILE = "245534AE-2075-4E70-946A-5344E3FEB101";
				WRAPPER_EXTENSION = app;
			};
			name = Debug;
		};
		A380DFAB1934695100759039 /* Release */ = {
			isa = XCBuildConfiguration;
			baseConfigurationReference = 60E69364A15E4105A48EFB66 /* Pods.xcconfig */;
			buildSettings = {
				CODE_SIGN_IDENTITY = "iPhone Developer: kurtis Braget (X783V48JKA)";
				FRAMEWORK_SEARCH_PATHS = (
					"$(inherited)",
					"$(SRCROOT)/Hashy",
				);
				GCC_PRECOMPILE_PREFIX_HEADER = YES;
				GCC_PREFIX_HEADER = "Hashy/Hashy-Prefix.pch";
				INFOPLIST_FILE = "Hashy/Hashy-Info.plist";
				IPHONEOS_DEPLOYMENT_TARGET = 6.0;
				PRODUCT_NAME = "$(TARGET_NAME)";
				PROVISIONING_PROFILE = "245534AE-2075-4E70-946A-5344E3FEB101";
				WRAPPER_EXTENSION = app;
			};
			name = Release;
		};
		A380DFAD1934695100759039 /* Debug */ = {
			isa = XCBuildConfiguration;
			buildSettings = {
				BUNDLE_LOADER = "$(BUILT_PRODUCTS_DIR)/Hashy.app/Hashy";
				FRAMEWORK_SEARCH_PATHS = (
					"$(SDKROOT)/Developer/Library/Frameworks",
					"$(inherited)",
					"$(DEVELOPER_FRAMEWORKS_DIR)",
				);
				GCC_PRECOMPILE_PREFIX_HEADER = YES;
				GCC_PREFIX_HEADER = "Hashy/Hashy-Prefix.pch";
				GCC_PREPROCESSOR_DEFINITIONS = (
					"DEBUG=1",
					"$(inherited)",
				);
				INFOPLIST_FILE = "HashyTests/HashyTests-Info.plist";
				PRODUCT_NAME = "$(TARGET_NAME)";
				TEST_HOST = "$(BUNDLE_LOADER)";
				WRAPPER_EXTENSION = xctest;
			};
			name = Debug;
		};
		A380DFAE1934695100759039 /* Release */ = {
			isa = XCBuildConfiguration;
			buildSettings = {
				BUNDLE_LOADER = "$(BUILT_PRODUCTS_DIR)/Hashy.app/Hashy";
				FRAMEWORK_SEARCH_PATHS = (
					"$(SDKROOT)/Developer/Library/Frameworks",
					"$(inherited)",
					"$(DEVELOPER_FRAMEWORKS_DIR)",
				);
				GCC_PRECOMPILE_PREFIX_HEADER = YES;
				GCC_PREFIX_HEADER = "Hashy/Hashy-Prefix.pch";
				INFOPLIST_FILE = "HashyTests/HashyTests-Info.plist";
				PRODUCT_NAME = "$(TARGET_NAME)";
				TEST_HOST = "$(BUNDLE_LOADER)";
				WRAPPER_EXTENSION = xctest;
			};
			name = Release;
		};
/* End XCBuildConfiguration section */

/* Begin XCConfigurationList section */
		A380DF721934695100759039 /* Build configuration list for PBXProject "Hashy" */ = {
			isa = XCConfigurationList;
			buildConfigurations = (
				A380DFA71934695100759039 /* Debug */,
				A380DFA81934695100759039 /* Release */,
			);
			defaultConfigurationIsVisible = 0;
			defaultConfigurationName = Release;
		};
		A380DFA91934695100759039 /* Build configuration list for PBXNativeTarget "Hashy" */ = {
			isa = XCConfigurationList;
			buildConfigurations = (
				A380DFAA1934695100759039 /* Debug */,
				A380DFAB1934695100759039 /* Release */,
			);
			defaultConfigurationIsVisible = 0;
			defaultConfigurationName = Release;
		};
		A380DFAC1934695100759039 /* Build configuration list for PBXNativeTarget "HashyTests" */ = {
			isa = XCConfigurationList;
			buildConfigurations = (
				A380DFAD1934695100759039 /* Debug */,
				A380DFAE1934695100759039 /* Release */,
			);
			defaultConfigurationIsVisible = 0;
			defaultConfigurationName = Release;
		};
/* End XCConfigurationList section */

/* Begin XCVersionGroup section */
		26EB89C4193C9475005258AB /* Hashy.xcdatamodeld */ = {
			isa = XCVersionGroup;
			children = (
				26EB89C5193C9475005258AB /* Hashy.xcdatamodel */,
			);
			currentVersion = 26EB89C5193C9475005258AB /* Hashy.xcdatamodel */;
			path = Hashy.xcdatamodeld;
			sourceTree = "<group>";
			versionGroupType = wrapper.xcdatamodel;
		};
/* End XCVersionGroup section */
	};
	rootObject = A380DF6F1934695100759039 /* Project object */;
}
